// !$*UTF8*$!
{
	archiveVersion = 1;
	classes = {
	};
	objectVersion = 50;
	objects = {

/* Begin PBXBuildFile section */
		A121392A265532A400772963 /* Title.png in Resources */ = {isa = PBXBuildFile; fileRef = A1213929265532A400772963 /* Title.png */; };
		A1D86E2926596BDF0056E1B5 /* 서러브레드.png in Resources */ = {isa = PBXBuildFile; fileRef = A1D86E2826596BDF0056E1B5 /* 서러브레드.png */; };
		A1D86E2D265971030056E1B5 /* 미니어처.png in Resources */ = {isa = PBXBuildFile; fileRef = A1D86E2C265971030056E1B5 /* 미니어처.png */; };
		A1D86E2F2659710C0056E1B5 /* 샤이어.png in Resources */ = {isa = PBXBuildFile; fileRef = A1D86E2E2659710C0056E1B5 /* 샤이어.png */; };
		A1D86E31265971170056E1B5 /* 포니.png in Resources */ = {isa = PBXBuildFile; fileRef = A1D86E30265971170056E1B5 /* 포니.png */; };
		A1ED6CC8265645870044CBBB /* pony1.jpg in Resources */ = {isa = PBXBuildFile; fileRef = A1ED6CC3265645860044CBBB /* pony1.jpg */; };
		A1ED6CC9265645870044CBBB /* pony3.jpg in Resources */ = {isa = PBXBuildFile; fileRef = A1ED6CC4265645860044CBBB /* pony3.jpg */; };
		A1ED6CCA265645870044CBBB /* pony4.jpg in Resources */ = {isa = PBXBuildFile; fileRef = A1ED6CC5265645870044CBBB /* pony4.jpg */; };
		A1ED6CCB265645870044CBBB /* pony5.jpg in Resources */ = {isa = PBXBuildFile; fileRef = A1ED6CC6265645870044CBBB /* pony5.jpg */; };
		A1ED6CCC265645870044CBBB /* pony2.jpg in Resources */ = {isa = PBXBuildFile; fileRef = A1ED6CC7265645870044CBBB /* pony2.jpg */; };
		A1ED6CD3265646030044CBBB /* thoroughbred2.jpg in Resources */ = {isa = PBXBuildFile; fileRef = A1ED6CCE265646030044CBBB /* thoroughbred2.jpg */; };
		A1ED6CD4265646030044CBBB /* thoroughbred4.jpg in Resources */ = {isa = PBXBuildFile; fileRef = A1ED6CCF265646030044CBBB /* thoroughbred4.jpg */; };
		A1ED6CD5265646030044CBBB /* thoroughbred3.jpg in Resources */ = {isa = PBXBuildFile; fileRef = A1ED6CD0265646030044CBBB /* thoroughbred3.jpg */; };
		A1ED6CD6265646030044CBBB /* thoroughbred5.jpg in Resources */ = {isa = PBXBuildFile; fileRef = A1ED6CD1265646030044CBBB /* thoroughbred5.jpg */; };
		A1ED6CD7265646030044CBBB /* thoroughbred1.jpg in Resources */ = {isa = PBXBuildFile; fileRef = A1ED6CD2265646030044CBBB /* thoroughbred1.jpg */; };
		A1ED6CDE265646AD0044CBBB /* shire4.jpg in Resources */ = {isa = PBXBuildFile; fileRef = A1ED6CD9265646AD0044CBBB /* shire4.jpg */; };
		A1ED6CDF265646AD0044CBBB /* shire3.jpg in Resources */ = {isa = PBXBuildFile; fileRef = A1ED6CDA265646AD0044CBBB /* shire3.jpg */; };
		A1ED6CE0265646AD0044CBBB /* shire5.jpg in Resources */ = {isa = PBXBuildFile; fileRef = A1ED6CDB265646AD0044CBBB /* shire5.jpg */; };
		A1ED6CE1265646AD0044CBBB /* shire2.jpg in Resources */ = {isa = PBXBuildFile; fileRef = A1ED6CDC265646AD0044CBBB /* shire2.jpg */; };
		A1ED6CE2265646AD0044CBBB /* shire1.jpg in Resources */ = {isa = PBXBuildFile; fileRef = A1ED6CDD265646AD0044CBBB /* shire1.jpg */; };
		A1ED6CE9265647070044CBBB /* miniature2.jpg in Resources */ = {isa = PBXBuildFile; fileRef = A1ED6CE4265647060044CBBB /* miniature2.jpg */; };
		A1ED6CEA265647070044CBBB /* miniature3.jpg in Resources */ = {isa = PBXBuildFile; fileRef = A1ED6CE5265647060044CBBB /* miniature3.jpg */; };
		A1ED6CEB265647070044CBBB /* miniature5.jpg in Resources */ = {isa = PBXBuildFile; fileRef = A1ED6CE6265647070044CBBB /* miniature5.jpg */; };
		A1ED6CEC265647070044CBBB /* miniature1.jpg in Resources */ = {isa = PBXBuildFile; fileRef = A1ED6CE7265647070044CBBB /* miniature1.jpg */; };
		A1ED6CED265647070044CBBB /* miniature4.jpg in Resources */ = {isa = PBXBuildFile; fileRef = A1ED6CE8265647070044CBBB /* miniature4.jpg */; };
		A1ED6CF0265649D30044CBBB /* TextViewConerRound.swift in Sources */ = {isa = PBXBuildFile; fileRef = A1ED6CEF265649D30044CBBB /* TextViewConerRound.swift */; };
		A1EDAC4326555940004092D2 /* PagedScrollViewController_thoroughbred.swift in Sources */ = {isa = PBXBuildFile; fileRef = A1EDAC4226555940004092D2 /* PagedScrollViewController_thoroughbred.swift */; };
		A1EDAC4526555BBB004092D2 /* PagedScrollViewController_shire.swift in Sources */ = {isa = PBXBuildFile; fileRef = A1EDAC4426555BBB004092D2 /* PagedScrollViewController_shire.swift */; };
		A1EDAC4726555CC8004092D2 /* PagedScrollViewController_miniature.swift in Sources */ = {isa = PBXBuildFile; fileRef = A1EDAC4626555CC8004092D2 /* PagedScrollViewController_miniature.swift */; };
		A1EDAC4926555EC8004092D2 /* PagedScrollViewController_pony.swift in Sources */ = {isa = PBXBuildFile; fileRef = A1EDAC4826555EC8004092D2 /* PagedScrollViewController_pony.swift */; };
		A1F269DA264A6ED500A41B21 /* AppDelegate.swift in Sources */ = {isa = PBXBuildFile; fileRef = A1F269D9264A6ED500A41B21 /* AppDelegate.swift */; };
		A1F269DC264A6ED500A41B21 /* SceneDelegate.swift in Sources */ = {isa = PBXBuildFile; fileRef = A1F269DB264A6ED500A41B21 /* SceneDelegate.swift */; };
		A1F269DE264A6ED500A41B21 /* ViewController.swift in Sources */ = {isa = PBXBuildFile; fileRef = A1F269DD264A6ED500A41B21 /* ViewController.swift */; };
		A1F269E1264A6ED500A41B21 /* Main.storyboard in Resources */ = {isa = PBXBuildFile; fileRef = A1F269DF264A6ED500A41B21 /* Main.storyboard */; };
		A1F269E3264A6ED600A41B21 /* Assets.xcassets in Resources */ = {isa = PBXBuildFile; fileRef = A1F269E2264A6ED600A41B21 /* Assets.xcassets */; };
		A1F269E6264A6ED600A41B21 /* LaunchScreen.storyboard in Resources */ = {isa = PBXBuildFile; fileRef = A1F269E4264A6ED600A41B21 /* LaunchScreen.storyboard */; };
/* End PBXBuildFile section */

/* Begin PBXFileReference section */
		A1213929265532A400772963 /* Title.png */ = {isa = PBXFileReference; lastKnownFileType = image.png; path = Title.png; sourceTree = "<group>"; };
		A1D86E2826596BDF0056E1B5 /* 서러브레드.png */ = {isa = PBXFileReference; lastKnownFileType = image.png; name = "서러브레드.png"; path = "../../../../../서러브레드.png"; sourceTree = "<group>"; };
		A1D86E2C265971030056E1B5 /* 미니어처.png */ = {isa = PBXFileReference; lastKnownFileType = image.png; path = "미니어처.png"; sourceTree = "<group>"; };
		A1D86E2E2659710C0056E1B5 /* 샤이어.png */ = {isa = PBXFileReference; lastKnownFileType = image.png; path = "샤이어.png"; sourceTree = "<group>"; };
		A1D86E30265971170056E1B5 /* 포니.png */ = {isa = PBXFileReference; lastKnownFileType = image.png; path = "포니.png"; sourceTree = "<group>"; };
		A1ED6CC3265645860044CBBB /* pony1.jpg */ = {isa = PBXFileReference; lastKnownFileType = image.jpeg; path = pony1.jpg; sourceTree = "<group>"; };
		A1ED6CC4265645860044CBBB /* pony3.jpg */ = {isa = PBXFileReference; lastKnownFileType = image.jpeg; path = pony3.jpg; sourceTree = "<group>"; };
		A1ED6CC5265645870044CBBB /* pony4.jpg */ = {isa = PBXFileReference; lastKnownFileType = image.jpeg; path = pony4.jpg; sourceTree = "<group>"; };
		A1ED6CC6265645870044CBBB /* pony5.jpg */ = {isa = PBXFileReference; lastKnownFileType = image.jpeg; path = pony5.jpg; sourceTree = "<group>"; };
		A1ED6CC7265645870044CBBB /* pony2.jpg */ = {isa = PBXFileReference; lastKnownFileType = image.jpeg; path = pony2.jpg; sourceTree = "<group>"; };
		A1ED6CCE265646030044CBBB /* thoroughbred2.jpg */ = {isa = PBXFileReference; lastKnownFileType = image.jpeg; path = thoroughbred2.jpg; sourceTree = "<group>"; };
		A1ED6CCF265646030044CBBB /* thoroughbred4.jpg */ = {isa = PBXFileReference; lastKnownFileType = image.jpeg; path = thoroughbred4.jpg; sourceTree = "<group>"; };
		A1ED6CD0265646030044CBBB /* thoroughbred3.jpg */ = {isa = PBXFileReference; lastKnownFileType = image.jpeg; path = thoroughbred3.jpg; sourceTree = "<group>"; };
		A1ED6CD1265646030044CBBB /* thoroughbred5.jpg */ = {isa = PBXFileReference; lastKnownFileType = image.jpeg; path = thoroughbred5.jpg; sourceTree = "<group>"; };
		A1ED6CD2265646030044CBBB /* thoroughbred1.jpg */ = {isa = PBXFileReference; lastKnownFileType = image.jpeg; path = thoroughbred1.jpg; sourceTree = "<group>"; };
		A1ED6CD9265646AD0044CBBB /* shire4.jpg */ = {isa = PBXFileReference; lastKnownFileType = image.jpeg; path = shire4.jpg; sourceTree = "<group>"; };
		A1ED6CDA265646AD0044CBBB /* shire3.jpg */ = {isa = PBXFileReference; lastKnownFileType = image.jpeg; path = shire3.jpg; sourceTree = "<group>"; };
		A1ED6CDB265646AD0044CBBB /* shire5.jpg */ = {isa = PBXFileReference; lastKnownFileType = image.jpeg; path = shire5.jpg; sourceTree = "<group>"; };
		A1ED6CDC265646AD0044CBBB /* shire2.jpg */ = {isa = PBXFileReference; lastKnownFileType = image.jpeg; path = shire2.jpg; sourceTree = "<group>"; };
		A1ED6CDD265646AD0044CBBB /* shire1.jpg */ = {isa = PBXFileReference; lastKnownFileType = image.jpeg; path = shire1.jpg; sourceTree = "<group>"; };
		A1ED6CE4265647060044CBBB /* miniature2.jpg */ = {isa = PBXFileReference; lastKnownFileType = image.jpeg; path = miniature2.jpg; sourceTree = "<group>"; };
		A1ED6CE5265647060044CBBB /* miniature3.jpg */ = {isa = PBXFileReference; lastKnownFileType = image.jpeg; path = miniature3.jpg; sourceTree = "<group>"; };
		A1ED6CE6265647070044CBBB /* miniature5.jpg */ = {isa = PBXFileReference; lastKnownFileType = image.jpeg; path = miniature5.jpg; sourceTree = "<group>"; };
		A1ED6CE7265647070044CBBB /* miniature1.jpg */ = {isa = PBXFileReference; lastKnownFileType = image.jpeg; path = miniature1.jpg; sourceTree = "<group>"; };
		A1ED6CE8265647070044CBBB /* miniature4.jpg */ = {isa = PBXFileReference; lastKnownFileType = image.jpeg; path = miniature4.jpg; sourceTree = "<group>"; };
		A1ED6CEF265649D30044CBBB /* TextViewConerRound.swift */ = {isa = PBXFileReference; lastKnownFileType = sourcecode.swift; path = TextViewConerRound.swift; sourceTree = "<group>"; };
		A1EDAC4226555940004092D2 /* PagedScrollViewController_thoroughbred.swift */ = {isa = PBXFileReference; fileEncoding = 4; lastKnownFileType = sourcecode.swift; path = PagedScrollViewController_thoroughbred.swift; sourceTree = "<group>"; };
		A1EDAC4426555BBB004092D2 /* PagedScrollViewController_shire.swift */ = {isa = PBXFileReference; lastKnownFileType = sourcecode.swift; path = PagedScrollViewController_shire.swift; sourceTree = "<group>"; };
		A1EDAC4626555CC8004092D2 /* PagedScrollViewController_miniature.swift */ = {isa = PBXFileReference; lastKnownFileType = sourcecode.swift; path = PagedScrollViewController_miniature.swift; sourceTree = "<group>"; };
		A1EDAC4826555EC8004092D2 /* PagedScrollViewController_pony.swift */ = {isa = PBXFileReference; lastKnownFileType = sourcecode.swift; path = PagedScrollViewController_pony.swift; sourceTree = "<group>"; };
		A1F269D6264A6ED500A41B21 /* SmartPhoneGameprogrammingTermProject.app */ = {isa = PBXFileReference; explicitFileType = wrapper.application; includeInIndex = 0; path = SmartPhoneGameprogrammingTermProject.app; sourceTree = BUILT_PRODUCTS_DIR; };
		A1F269D9264A6ED500A41B21 /* AppDelegate.swift */ = {isa = PBXFileReference; lastKnownFileType = sourcecode.swift; path = AppDelegate.swift; sourceTree = "<group>"; };
		A1F269DB264A6ED500A41B21 /* SceneDelegate.swift */ = {isa = PBXFileReference; lastKnownFileType = sourcecode.swift; path = SceneDelegate.swift; sourceTree = "<group>"; };
		A1F269DD264A6ED500A41B21 /* ViewController.swift */ = {isa = PBXFileReference; lastKnownFileType = sourcecode.swift; path = ViewController.swift; sourceTree = "<group>"; };
		A1F269E0264A6ED500A41B21 /* Base */ = {isa = PBXFileReference; lastKnownFileType = file.storyboard; name = Base; path = Base.lproj/Main.storyboard; sourceTree = "<group>"; };
		A1F269E2264A6ED600A41B21 /* Assets.xcassets */ = {isa = PBXFileReference; lastKnownFileType = folder.assetcatalog; path = Assets.xcassets; sourceTree = "<group>"; };
		A1F269E5264A6ED600A41B21 /* Base */ = {isa = PBXFileReference; lastKnownFileType = file.storyboard; name = Base; path = Base.lproj/LaunchScreen.storyboard; sourceTree = "<group>"; };
		A1F269E7264A6ED600A41B21 /* Info.plist */ = {isa = PBXFileReference; lastKnownFileType = text.plist.xml; path = Info.plist; sourceTree = "<group>"; };
/* End PBXFileReference section */

/* Begin PBXFrameworksBuildPhase section */
		A1F269D3264A6ED500A41B21 /* Frameworks */ = {
			isa = PBXFrameworksBuildPhase;
			buildActionMask = 2147483647;
			files = (
			);
			runOnlyForDeploymentPostprocessing = 0;
		};
/* End PBXFrameworksBuildPhase section */

/* Begin PBXGroup section */
		A12139282655315F00772963 /* Image */ = {
			isa = PBXGroup;
			children = (
				A1D86E30265971170056E1B5 /* 포니.png */,
				A1D86E2E2659710C0056E1B5 /* 샤이어.png */,
				A1D86E2C265971030056E1B5 /* 미니어처.png */,
				A1D86E2826596BDF0056E1B5 /* 서러브레드.png */,
				A1ED6CE3265646B90044CBBB /* shire */,
				A1ED6CD82656460C0044CBBB /* thoroughbred */,
				A1ED6CCD2656458A0044CBBB /* pony */,
				A1ED6CEE2656470C0044CBBB /* miniature */,
				A1213929265532A400772963 /* Title.png */,
			);
			path = Image;
			sourceTree = "<group>";
		};
		A1ED6CC2265645620044CBBB /* pageScrollControll */ = {
			isa = PBXGroup;
			children = (
				A1EDAC4826555EC8004092D2 /* PagedScrollViewController_pony.swift */,
				A1EDAC4226555940004092D2 /* PagedScrollViewController_thoroughbred.swift */,
				A1EDAC4626555CC8004092D2 /* PagedScrollViewController_miniature.swift */,
				A1EDAC4426555BBB004092D2 /* PagedScrollViewController_shire.swift */,
			);
			path = pageScrollControll;
			sourceTree = "<group>";
		};
		A1ED6CCD2656458A0044CBBB /* pony */ = {
			isa = PBXGroup;
			children = (
				A1ED6CC3265645860044CBBB /* pony1.jpg */,
				A1ED6CC7265645870044CBBB /* pony2.jpg */,
				A1ED6CC4265645860044CBBB /* pony3.jpg */,
				A1ED6CC5265645870044CBBB /* pony4.jpg */,
				A1ED6CC6265645870044CBBB /* pony5.jpg */,
			);
			path = pony;
			sourceTree = "<group>";
		};
		A1ED6CD82656460C0044CBBB /* thoroughbred */ = {
			isa = PBXGroup;
			children = (
				A1ED6CD2265646030044CBBB /* thoroughbred1.jpg */,
				A1ED6CCE265646030044CBBB /* thoroughbred2.jpg */,
				A1ED6CD0265646030044CBBB /* thoroughbred3.jpg */,
				A1ED6CCF265646030044CBBB /* thoroughbred4.jpg */,
				A1ED6CD1265646030044CBBB /* thoroughbred5.jpg */,
			);
			path = thoroughbred;
			sourceTree = "<group>";
		};
		A1ED6CE3265646B90044CBBB /* shire */ = {
			isa = PBXGroup;
			children = (
				A1ED6CDD265646AD0044CBBB /* shire1.jpg */,
				A1ED6CDC265646AD0044CBBB /* shire2.jpg */,
				A1ED6CDA265646AD0044CBBB /* shire3.jpg */,
				A1ED6CD9265646AD0044CBBB /* shire4.jpg */,
				A1ED6CDB265646AD0044CBBB /* shire5.jpg */,
			);
			path = shire;
			sourceTree = "<group>";
		};
		A1ED6CEE2656470C0044CBBB /* miniature */ = {
			isa = PBXGroup;
			children = (
				A1ED6CE7265647070044CBBB /* miniature1.jpg */,
				A1ED6CE4265647060044CBBB /* miniature2.jpg */,
				A1ED6CE5265647060044CBBB /* miniature3.jpg */,
				A1ED6CE8265647070044CBBB /* miniature4.jpg */,
				A1ED6CE6265647070044CBBB /* miniature5.jpg */,
			);
			path = miniature;
			sourceTree = "<group>";
		};
		A1ED6CF1265649E00044CBBB /* TextViewControll */ = {
			isa = PBXGroup;
			children = (
				A1ED6CEF265649D30044CBBB /* TextViewConerRound.swift */,
			);
			path = TextViewControll;
			sourceTree = "<group>";
		};
		A1F269CD264A6ED500A41B21 = {
			isa = PBXGroup;
			children = (
				A1F269D8264A6ED500A41B21 /* SmartPhoneGameprogrammingTermProject */,
				A1F269D7264A6ED500A41B21 /* Products */,
			);
			sourceTree = "<group>";
		};
		A1F269D7264A6ED500A41B21 /* Products */ = {
			isa = PBXGroup;
			children = (
				A1F269D6264A6ED500A41B21 /* SmartPhoneGameprogrammingTermProject.app */,
			);
			name = Products;
			sourceTree = "<group>";
		};
		A1F269D8264A6ED500A41B21 /* SmartPhoneGameprogrammingTermProject */ = {
			isa = PBXGroup;
			children = (
				A1F269D9264A6ED500A41B21 /* AppDelegate.swift */,
				A1F269DB264A6ED500A41B21 /* SceneDelegate.swift */,
				A1F269DD264A6ED500A41B21 /* ViewController.swift */,
				A1F269DF264A6ED500A41B21 /* Main.storyboard */,
				A1ED6CF1265649E00044CBBB /* TextViewControll */,
				A1ED6CC2265645620044CBBB /* pageScrollControll */,
				A1F269E2264A6ED600A41B21 /* Assets.xcassets */,
				A1F269E4264A6ED600A41B21 /* LaunchScreen.storyboard */,
				A1F269E7264A6ED600A41B21 /* Info.plist */,
				A12139282655315F00772963 /* Image */,
			);
			path = SmartPhoneGameprogrammingTermProject;
			sourceTree = "<group>";
		};
/* End PBXGroup section */

/* Begin PBXNativeTarget section */
		A1F269D5264A6ED500A41B21 /* SmartPhoneGameprogrammingTermProject */ = {
			isa = PBXNativeTarget;
			buildConfigurationList = A1F269EA264A6ED600A41B21 /* Build configuration list for PBXNativeTarget "SmartPhoneGameprogrammingTermProject" */;
			buildPhases = (
				A1F269D2264A6ED500A41B21 /* Sources */,
				A1F269D3264A6ED500A41B21 /* Frameworks */,
				A1F269D4264A6ED500A41B21 /* Resources */,
			);
			buildRules = (
			);
			dependencies = (
			);
			name = SmartPhoneGameprogrammingTermProject;
			productName = SmartPhoneGameprogrammingTermProject;
			productReference = A1F269D6264A6ED500A41B21 /* SmartPhoneGameprogrammingTermProject.app */;
			productType = "com.apple.product-type.application";
		};
/* End PBXNativeTarget section */

/* Begin PBXProject section */
		A1F269CE264A6ED500A41B21 /* Project object */ = {
			isa = PBXProject;
			attributes = {
				LastSwiftUpdateCheck = 1240;
				LastUpgradeCheck = 1240;
				TargetAttributes = {
					A1F269D5264A6ED500A41B21 = {
						CreatedOnToolsVersion = 12.4;
					};
				};
			};
			buildConfigurationList = A1F269D1264A6ED500A41B21 /* Build configuration list for PBXProject "SmartPhoneGameprogrammingTermProject" */;
			compatibilityVersion = "Xcode 9.3";
			developmentRegion = en;
			hasScannedForEncodings = 0;
			knownRegions = (
				en,
				Base,
			);
			mainGroup = A1F269CD264A6ED500A41B21;
			productRefGroup = A1F269D7264A6ED500A41B21 /* Products */;
			projectDirPath = "";
			projectRoot = "";
			targets = (
				A1F269D5264A6ED500A41B21 /* SmartPhoneGameprogrammingTermProject */,
			);
		};
/* End PBXProject section */

/* Begin PBXResourcesBuildPhase section */
		A1F269D4264A6ED500A41B21 /* Resources */ = {
			isa = PBXResourcesBuildPhase;
			buildActionMask = 2147483647;
			files = (
				A1D86E2F2659710C0056E1B5 /* 샤이어.png in Resources */,
				A1ED6CDE265646AD0044CBBB /* shire4.jpg in Resources */,
				A1ED6CEB265647070044CBBB /* miniature5.jpg in Resources */,
				A1ED6CCB265645870044CBBB /* pony5.jpg in Resources */,
				A1D86E2926596BDF0056E1B5 /* 서러브레드.png in Resources */,
				A1ED6CE9265647070044CBBB /* miniature2.jpg in Resources */,
				A1ED6CD4265646030044CBBB /* thoroughbred4.jpg in Resources */,
				A1ED6CD3265646030044CBBB /* thoroughbred2.jpg in Resources */,
				A1ED6CD6265646030044CBBB /* thoroughbred5.jpg in Resources */,
				A1ED6CED265647070044CBBB /* miniature4.jpg in Resources */,
				A1ED6CC8265645870044CBBB /* pony1.jpg in Resources */,
				A1ED6CCA265645870044CBBB /* pony4.jpg in Resources */,
				A1ED6CEA265647070044CBBB /* miniature3.jpg in Resources */,
				A1F269E6264A6ED600A41B21 /* LaunchScreen.storyboard in Resources */,
				A1F269E3264A6ED600A41B21 /* Assets.xcassets in Resources */,
				A1ED6CCC265645870044CBBB /* pony2.jpg in Resources */,
				A1ED6CEC265647070044CBBB /* miniature1.jpg in Resources */,
				A1ED6CE2265646AD0044CBBB /* shire1.jpg in Resources */,
				A121392A265532A400772963 /* Title.png in Resources */,
				A1ED6CDF265646AD0044CBBB /* shire3.jpg in Resources */,
				A1D86E31265971170056E1B5 /* 포니.png in Resources */,
				A1F269E1264A6ED500A41B21 /* Main.storyboard in Resources */,
				A1ED6CC9265645870044CBBB /* pony3.jpg in Resources */,
				A1ED6CD5265646030044CBBB /* thoroughbred3.jpg in Resources */,
				A1D86E2D265971030056E1B5 /* 미니어처.png in Resources */,
				A1ED6CD7265646030044CBBB /* thoroughbred1.jpg in Resources */,
				A1ED6CE0265646AD0044CBBB /* shire5.jpg in Resources */,
				A1ED6CE1265646AD0044CBBB /* shire2.jpg in Resources */,
			);
			runOnlyForDeploymentPostprocessing = 0;
		};
/* End PBXResourcesBuildPhase section */

/* Begin PBXSourcesBuildPhase section */
		A1F269D2264A6ED500A41B21 /* Sources */ = {
			isa = PBXSourcesBuildPhase;
			buildActionMask = 2147483647;
			files = (
				A1F269DE264A6ED500A41B21 /* ViewController.swift in Sources */,
				A1EDAC4926555EC8004092D2 /* PagedScrollViewController_pony.swift in Sources */,
				A1ED6CF0265649D30044CBBB /* TextViewConerRound.swift in Sources */,
				A1F269DA264A6ED500A41B21 /* AppDelegate.swift in Sources */,
				A1EDAC4726555CC8004092D2 /* PagedScrollViewController_miniature.swift in Sources */,
				A1EDAC4326555940004092D2 /* PagedScrollViewController_thoroughbred.swift in Sources */,
				A1EDAC4526555BBB004092D2 /* PagedScrollViewController_shire.swift in Sources */,
				A1F269DC264A6ED500A41B21 /* SceneDelegate.swift in Sources */,
			);
			runOnlyForDeploymentPostprocessing = 0;
		};
/* End PBXSourcesBuildPhase section */

/* Begin PBXVariantGroup section */
		A1F269DF264A6ED500A41B21 /* Main.storyboard */ = {
			isa = PBXVariantGroup;
			children = (
				A1F269E0264A6ED500A41B21 /* Base */,
			);
			name = Main.storyboard;
			sourceTree = "<group>";
		};
		A1F269E4264A6ED600A41B21 /* LaunchScreen.storyboard */ = {
			isa = PBXVariantGroup;
			children = (
				A1F269E5264A6ED600A41B21 /* Base */,
			);
			name = LaunchScreen.storyboard;
			sourceTree = "<group>";
		};
/* End PBXVariantGroup section */

/* Begin XCBuildConfiguration section */
		A1F269E8264A6ED600A41B21 /* Debug */ = {
			isa = XCBuildConfiguration;
			buildSettings = {
				ALWAYS_SEARCH_USER_PATHS = NO;
				CLANG_ANALYZER_NONNULL = YES;
				CLANG_ANALYZER_NUMBER_OBJECT_CONVERSION = YES_AGGRESSIVE;
				CLANG_CXX_LANGUAGE_STANDARD = "gnu++14";
				CLANG_CXX_LIBRARY = "libc++";
				CLANG_ENABLE_MODULES = YES;
				CLANG_ENABLE_OBJC_ARC = YES;
				CLANG_ENABLE_OBJC_WEAK = YES;
				CLANG_WARN_BLOCK_CAPTURE_AUTORELEASING = YES;
				CLANG_WARN_BOOL_CONVERSION = YES;
				CLANG_WARN_COMMA = YES;
				CLANG_WARN_CONSTANT_CONVERSION = YES;
				CLANG_WARN_DEPRECATED_OBJC_IMPLEMENTATIONS = YES;
				CLANG_WARN_DIRECT_OBJC_ISA_USAGE = YES_ERROR;
				CLANG_WARN_DOCUMENTATION_COMMENTS = YES;
				CLANG_WARN_EMPTY_BODY = YES;
				CLANG_WARN_ENUM_CONVERSION = YES;
				CLANG_WARN_INFINITE_RECURSION = YES;
				CLANG_WARN_INT_CONVERSION = YES;
				CLANG_WARN_NON_LITERAL_NULL_CONVERSION = YES;
				CLANG_WARN_OBJC_IMPLICIT_RETAIN_SELF = YES;
				CLANG_WARN_OBJC_LITERAL_CONVERSION = YES;
				CLANG_WARN_OBJC_ROOT_CLASS = YES_ERROR;
				CLANG_WARN_QUOTED_INCLUDE_IN_FRAMEWORK_HEADER = YES;
				CLANG_WARN_RANGE_LOOP_ANALYSIS = YES;
				CLANG_WARN_STRICT_PROTOTYPES = YES;
				CLANG_WARN_SUSPICIOUS_MOVE = YES;
				CLANG_WARN_UNGUARDED_AVAILABILITY = YES_AGGRESSIVE;
				CLANG_WARN_UNREACHABLE_CODE = YES;
				CLANG_WARN__DUPLICATE_METHOD_MATCH = YES;
				COPY_PHASE_STRIP = NO;
				DEBUG_INFORMATION_FORMAT = dwarf;
				ENABLE_STRICT_OBJC_MSGSEND = YES;
				ENABLE_TESTABILITY = YES;
				GCC_C_LANGUAGE_STANDARD = gnu11;
				GCC_DYNAMIC_NO_PIC = NO;
				GCC_NO_COMMON_BLOCKS = YES;
				GCC_OPTIMIZATION_LEVEL = 0;
				GCC_PREPROCESSOR_DEFINITIONS = (
					"DEBUG=1",
					"$(inherited)",
				);
				GCC_WARN_64_TO_32_BIT_CONVERSION = YES;
				GCC_WARN_ABOUT_RETURN_TYPE = YES_ERROR;
				GCC_WARN_UNDECLARED_SELECTOR = YES;
				GCC_WARN_UNINITIALIZED_AUTOS = YES_AGGRESSIVE;
				GCC_WARN_UNUSED_FUNCTION = YES;
				GCC_WARN_UNUSED_VARIABLE = YES;
				IPHONEOS_DEPLOYMENT_TARGET = 14.4;
				MTL_ENABLE_DEBUG_INFO = INCLUDE_SOURCE;
				MTL_FAST_MATH = YES;
				ONLY_ACTIVE_ARCH = YES;
				SDKROOT = iphoneos;
				SWIFT_ACTIVE_COMPILATION_CONDITIONS = DEBUG;
				SWIFT_OPTIMIZATION_LEVEL = "-Onone";
			};
			name = Debug;
		};
		A1F269E9264A6ED600A41B21 /* Release */ = {
			isa = XCBuildConfiguration;
			buildSettings = {
				ALWAYS_SEARCH_USER_PATHS = NO;
				CLANG_ANALYZER_NONNULL = YES;
				CLANG_ANALYZER_NUMBER_OBJECT_CONVERSION = YES_AGGRESSIVE;
				CLANG_CXX_LANGUAGE_STANDARD = "gnu++14";
				CLANG_CXX_LIBRARY = "libc++";
				CLANG_ENABLE_MODULES = YES;
				CLANG_ENABLE_OBJC_ARC = YES;
				CLANG_ENABLE_OBJC_WEAK = YES;
				CLANG_WARN_BLOCK_CAPTURE_AUTORELEASING = YES;
				CLANG_WARN_BOOL_CONVERSION = YES;
				CLANG_WARN_COMMA = YES;
				CLANG_WARN_CONSTANT_CONVERSION = YES;
				CLANG_WARN_DEPRECATED_OBJC_IMPLEMENTATIONS = YES;
				CLANG_WARN_DIRECT_OBJC_ISA_USAGE = YES_ERROR;
				CLANG_WARN_DOCUMENTATION_COMMENTS = YES;
				CLANG_WARN_EMPTY_BODY = YES;
				CLANG_WARN_ENUM_CONVERSION = YES;
				CLANG_WARN_INFINITE_RECURSION = YES;
				CLANG_WARN_INT_CONVERSION = YES;
				CLANG_WARN_NON_LITERAL_NULL_CONVERSION = YES;
				CLANG_WARN_OBJC_IMPLICIT_RETAIN_SELF = YES;
				CLANG_WARN_OBJC_LITERAL_CONVERSION = YES;
				CLANG_WARN_OBJC_ROOT_CLASS = YES_ERROR;
				CLANG_WARN_QUOTED_INCLUDE_IN_FRAMEWORK_HEADER = YES;
				CLANG_WARN_RANGE_LOOP_ANALYSIS = YES;
				CLANG_WARN_STRICT_PROTOTYPES = YES;
				CLANG_WARN_SUSPICIOUS_MOVE = YES;
				CLANG_WARN_UNGUARDED_AVAILABILITY = YES_AGGRESSIVE;
				CLANG_WARN_UNREACHABLE_CODE = YES;
				CLANG_WARN__DUPLICATE_METHOD_MATCH = YES;
				COPY_PHASE_STRIP = NO;
				DEBUG_INFORMATION_FORMAT = "dwarf-with-dsym";
				ENABLE_NS_ASSERTIONS = NO;
				ENABLE_STRICT_OBJC_MSGSEND = YES;
				GCC_C_LANGUAGE_STANDARD = gnu11;
				GCC_NO_COMMON_BLOCKS = YES;
				GCC_WARN_64_TO_32_BIT_CONVERSION = YES;
				GCC_WARN_ABOUT_RETURN_TYPE = YES_ERROR;
				GCC_WARN_UNDECLARED_SELECTOR = YES;
				GCC_WARN_UNINITIALIZED_AUTOS = YES_AGGRESSIVE;
				GCC_WARN_UNUSED_FUNCTION = YES;
				GCC_WARN_UNUSED_VARIABLE = YES;
				IPHONEOS_DEPLOYMENT_TARGET = 14.4;
				MTL_ENABLE_DEBUG_INFO = NO;
				MTL_FAST_MATH = YES;
				SDKROOT = iphoneos;
				SWIFT_COMPILATION_MODE = wholemodule;
				SWIFT_OPTIMIZATION_LEVEL = "-O";
				VALIDATE_PRODUCT = YES;
			};
			name = Release;
		};
		A1F269EB264A6ED600A41B21 /* Debug */ = {
			isa = XCBuildConfiguration;
			buildSettings = {
				ASSETCATALOG_COMPILER_APPICON_NAME = AppIcon;
				ASSETCATALOG_COMPILER_GLOBAL_ACCENT_COLOR_NAME = AccentColor;
				CODE_SIGN_STYLE = Automatic;
				DEVELOPMENT_TEAM = X7HQ55F255;
				INFOPLIST_FILE = SmartPhoneGameprogrammingTermProject/Info.plist;
				LD_RUNPATH_SEARCH_PATHS = (
					"$(inherited)",
					"@executable_path/Frameworks",
				);
				PRODUCT_BUNDLE_IDENTIFIER = "wonJeong-class2018.SmartPhoneGameprogrammingTermProject";
				PRODUCT_NAME = "$(TARGET_NAME)";
				SWIFT_VERSION = 5.0;
				TARGETED_DEVICE_FAMILY = "1,2";
			};
			name = Debug;
		};
		A1F269EC264A6ED600A41B21 /* Release */ = {
			isa = XCBuildConfiguration;
			buildSettings = {
				ASSETCATALOG_COMPILER_APPICON_NAME = AppIcon;
				ASSETCATALOG_COMPILER_GLOBAL_ACCENT_COLOR_NAME = AccentColor;
				CODE_SIGN_STYLE = Automatic;
				DEVELOPMENT_TEAM = X7HQ55F255;
				INFOPLIST_FILE = SmartPhoneGameprogrammingTermProject/Info.plist;
				LD_RUNPATH_SEARCH_PATHS = (
					"$(inherited)",
					"@executable_path/Frameworks",
				);
				PRODUCT_BUNDLE_IDENTIFIER = "wonJeong-class2018.SmartPhoneGameprogrammingTermProject";
				PRODUCT_NAME = "$(TARGET_NAME)";
				SWIFT_VERSION = 5.0;
				TARGETED_DEVICE_FAMILY = "1,2";
			};
			name = Release;
		};
/* End XCBuildConfiguration section */

/* Begin XCConfigurationList section */
		A1F269D1264A6ED500A41B21 /* Build configuration list for PBXProject "SmartPhoneGameprogrammingTermProject" */ = {
			isa = XCConfigurationList;
			buildConfigurations = (
				A1F269E8264A6ED600A41B21 /* Debug */,
				A1F269E9264A6ED600A41B21 /* Release */,
			);
			defaultConfigurationIsVisible = 0;
			defaultConfigurationName = Release;
		};
		A1F269EA264A6ED600A41B21 /* Build configuration list for PBXNativeTarget "SmartPhoneGameprogrammingTermProject" */ = {
			isa = XCConfigurationList;
			buildConfigurations = (
				A1F269EB264A6ED600A41B21 /* Debug */,
				A1F269EC264A6ED600A41B21 /* Release */,
			);
			defaultConfigurationIsVisible = 0;
			defaultConfigurationName = Release;
		};
/* End XCConfigurationList section */
	};
	rootObject = A1F269CE264A6ED500A41B21 /* Project object */;
}
