// !$*UTF8*$!
{
	archiveVersion = 1;
	classes = {
	};
	objectVersion = 50;
	objects = {

/* Begin PBXBuildFile section */
		A134B1A6266F046500D1B796 /* HorseLikeTableViewController.swift in Sources */ = {isa = PBXBuildFile; fileRef = A134B1A0266F046500D1B796 /* HorseLikeTableViewController.swift */; };
		A134B1A7266F046500D1B796 /* HorseTableViewCell.swift in Sources */ = {isa = PBXBuildFile; fileRef = A134B1A1266F046500D1B796 /* HorseTableViewCell.swift */; };
		A134B1A8266F046500D1B796 /* StarTableViewController.swift in Sources */ = {isa = PBXBuildFile; fileRef = A134B1A2266F046500D1B796 /* StarTableViewController.swift */; };
		A134B1A9266F046500D1B796 /* Horse.swift in Sources */ = {isa = PBXBuildFile; fileRef = A134B1A3266F046500D1B796 /* Horse.swift */; };
		A134B1AA266F046500D1B796 /* HorseRatingDetailsTableViewController.swift in Sources */ = {isa = PBXBuildFile; fileRef = A134B1A4266F046500D1B796 /* HorseRatingDetailsTableViewController.swift */; };
		A134B1AB266F046500D1B796 /* SampleData.swift in Sources */ = {isa = PBXBuildFile; fileRef = A134B1A5266F046500D1B796 /* SampleData.swift */; };
		A134B1B1266F04CC00D1B796 /* 3Stars.png in Resources */ = {isa = PBXBuildFile; fileRef = A134B1AC266F04CB00D1B796 /* 3Stars.png */; };
		A134B1B2266F04CC00D1B796 /* 1Stars.png in Resources */ = {isa = PBXBuildFile; fileRef = A134B1AD266F04CB00D1B796 /* 1Stars.png */; };
		A134B1B3266F04CC00D1B796 /* 5Stars.png in Resources */ = {isa = PBXBuildFile; fileRef = A134B1AE266F04CB00D1B796 /* 5Stars.png */; };
		A134B1B4266F04CC00D1B796 /* 4Stars.png in Resources */ = {isa = PBXBuildFile; fileRef = A134B1AF266F04CB00D1B796 /* 4Stars.png */; };
		A134B1B5266F04CC00D1B796 /* 2Stars.png in Resources */ = {isa = PBXBuildFile; fileRef = A134B1B0266F04CB00D1B796 /* 2Stars.png */; };
		A16555C6266F006A0086ACB4 /* StardustView.swift in Sources */ = {isa = PBXBuildFile; fileRef = A16555C5266F006A0086ACB4 /* StardustView.swift */; };
		A16555C8266F03BE0086ACB4 /* png in Resources */ = {isa = PBXBuildFile; fileRef = A16555C7266F03BD0086ACB4 /* png */; };
		A1685B29266E86D600168208 /* horse2particle.png in Resources */ = {isa = PBXBuildFile; fileRef = A1685B28266E86D600168208 /* horse2particle.png */; };
		A199FE8D2667E13A001E8383 /* SnowfallChart.swift in Sources */ = {isa = PBXBuildFile; fileRef = A199FE8A2667E13A001E8383 /* SnowfallChart.swift */; };
		A199FE8E2667E13A001E8383 /* TemperatureChart.swift in Sources */ = {isa = PBXBuildFile; fileRef = A199FE8B2667E13A001E8383 /* TemperatureChart.swift */; };
		A199FE8F2667E13A001E8383 /* PrecipitationChart.swift in Sources */ = {isa = PBXBuildFile; fileRef = A199FE8C2667E13A001E8383 /* PrecipitationChart.swift */; };
		A199FE932667E146001E8383 /* ContentView.swift in Sources */ = {isa = PBXBuildFile; fileRef = A199FE902667E145001E8383 /* ContentView.swift */; };
		A199FE942667E146001E8383 /* DoubleExtension.swift in Sources */ = {isa = PBXBuildFile; fileRef = A199FE912667E145001E8383 /* DoubleExtension.swift */; };
		A199FE952667E146001E8383 /* MapView.swift in Sources */ = {isa = PBXBuildFile; fileRef = A199FE922667E145001E8383 /* MapView.swift */; };
		A199FE9A2667E151001E8383 /* weather-data.csv in Resources */ = {isa = PBXBuildFile; fileRef = A199FE962667E151001E8383 /* weather-data.csv */; };
		A199FE9B2667E151001E8383 /* WeatherStation.swift in Sources */ = {isa = PBXBuildFile; fileRef = A199FE972667E151001E8383 /* WeatherStation.swift */; };
		A199FE9C2667E151001E8383 /* DayInfo.swift in Sources */ = {isa = PBXBuildFile; fileRef = A199FE982667E151001E8383 /* DayInfo.swift */; };
		A199FE9D2667E151001E8383 /* WeatherInformation.swift in Sources */ = {isa = PBXBuildFile; fileRef = A199FE992667E151001E8383 /* WeatherInformation.swift */; };
		A199FEA02667E186001E8383 /* StationInfo.swift in Sources */ = {isa = PBXBuildFile; fileRef = A199FE9E2667E186001E8383 /* StationInfo.swift */; };
		A199FEA12667E186001E8383 /* StationHeader.swift in Sources */ = {isa = PBXBuildFile; fileRef = A199FE9F2667E186001E8383 /* StationHeader.swift */; };
		A199FEA52667E192001E8383 /* SnowfallTab.swift in Sources */ = {isa = PBXBuildFile; fileRef = A199FEA22667E191001E8383 /* SnowfallTab.swift */; };
		A199FEA62667E192001E8383 /* TemperatureTab.swift in Sources */ = {isa = PBXBuildFile; fileRef = A199FEA32667E192001E8383 /* TemperatureTab.swift */; };
		A199FEA72667E192001E8383 /* PrecipitationTab.swift in Sources */ = {isa = PBXBuildFile; fileRef = A199FEA42667E192001E8383 /* PrecipitationTab.swift */; };
		A199FEAB2667EF8B001E8383 /* WebKit.framework in Frameworks */ = {isa = PBXBuildFile; fileRef = A199FEAA2667EF8B001E8383 /* WebKit.framework */; };
		A199FEAC2667F850001E8383 /* HorseScoreTableViewController.swift in Sources */ = {isa = PBXBuildFile; fileRef = A1F0480D2667CA0A0020DFE1 /* HorseScoreTableViewController.swift */; };
		A1CC620A26600CA200AB3D1D /* Animator.swift in Sources */ = {isa = PBXBuildFile; fileRef = A1CC620826600CA200AB3D1D /* Animator.swift */; };
		A1CC620B26600CA200AB3D1D /* Animations.swift in Sources */ = {isa = PBXBuildFile; fileRef = A1CC620926600CA200AB3D1D /* Animations.swift */; };
		A1CC620E26600D0700AB3D1D /* HorsetableViewController.swift in Sources */ = {isa = PBXBuildFile; fileRef = A1CC620D26600D0700AB3D1D /* HorsetableViewController.swift */; };
		A1CC621026600D3900AB3D1D /* UITableView+Ext.swift in Sources */ = {isa = PBXBuildFile; fileRef = A1CC620F26600D3900AB3D1D /* UITableView+Ext.swift */; };
		A1CC62122660119300AB3D1D /* thoroughbredController.swift in Sources */ = {isa = PBXBuildFile; fileRef = A1CC62112660119300AB3D1D /* thoroughbredController.swift */; };
		A1CC6215266011BB00AB3D1D /* shireController.swift in Sources */ = {isa = PBXBuildFile; fileRef = A1CC6214266011BB00AB3D1D /* shireController.swift */; };
		A1CC6217266011D100AB3D1D /* miniatureController.swift in Sources */ = {isa = PBXBuildFile; fileRef = A1CC6216266011D100AB3D1D /* miniatureController.swift */; };
		A1CC6219266011E100AB3D1D /* ponyController.swift in Sources */ = {isa = PBXBuildFile; fileRef = A1CC6218266011E100AB3D1D /* ponyController.swift */; };
		A1CE3E46265BD97D003DE136 /* HorseInfoDetailTableViewController.swift in Sources */ = {isa = PBXBuildFile; fileRef = A1CE3E41265BD97D003DE136 /* HorseInfoDetailTableViewController.swift */; };
		A1CE3E47265BD97D003DE136 /* HorseInfoTableViewController.swift in Sources */ = {isa = PBXBuildFile; fileRef = A1CE3E42265BD97D003DE136 /* HorseInfoTableViewController.swift */; };
		A1D86E2D265971030056E1B5 /* 미니어처.png in Resources */ = {isa = PBXBuildFile; fileRef = A1D86E2C265971030056E1B5 /* 미니어처.png */; };
		A1D86E2F2659710C0056E1B5 /* 샤이어.png in Resources */ = {isa = PBXBuildFile; fileRef = A1D86E2E2659710C0056E1B5 /* 샤이어.png */; };
		A1D86E31265971170056E1B5 /* 포니.png in Resources */ = {isa = PBXBuildFile; fileRef = A1D86E30265971170056E1B5 /* 포니.png */; };
		A1E58C1626627A4D00223E3E /* horse5.png in Resources */ = {isa = PBXBuildFile; fileRef = A1E58C0A26627A4D00223E3E /* horse5.png */; };
		A1E58C1726627A4D00223E3E /* horse2.png in Resources */ = {isa = PBXBuildFile; fileRef = A1E58C0B26627A4D00223E3E /* horse2.png */; };
		A1E58C1826627A4D00223E3E /* horse8.png in Resources */ = {isa = PBXBuildFile; fileRef = A1E58C0C26627A4D00223E3E /* horse8.png */; };
		A1E58C1926627A4D00223E3E /* horse1.png in Resources */ = {isa = PBXBuildFile; fileRef = A1E58C0D26627A4D00223E3E /* horse1.png */; };
		A1E58C1A26627A4D00223E3E /* horse9.png in Resources */ = {isa = PBXBuildFile; fileRef = A1E58C0E26627A4D00223E3E /* horse9.png */; };
		A1E58C1B26627A4D00223E3E /* horse11.png in Resources */ = {isa = PBXBuildFile; fileRef = A1E58C0F26627A4D00223E3E /* horse11.png */; };
		A1E58C1C26627A4D00223E3E /* horse4.png in Resources */ = {isa = PBXBuildFile; fileRef = A1E58C1026627A4D00223E3E /* horse4.png */; };
		A1E58C1D26627A4D00223E3E /* horse12.png in Resources */ = {isa = PBXBuildFile; fileRef = A1E58C1126627A4D00223E3E /* horse12.png */; };
		A1E58C1E26627A4D00223E3E /* horse10.png in Resources */ = {isa = PBXBuildFile; fileRef = A1E58C1226627A4D00223E3E /* horse10.png */; };
		A1E58C1F26627A4D00223E3E /* horse6.png in Resources */ = {isa = PBXBuildFile; fileRef = A1E58C1326627A4D00223E3E /* horse6.png */; };
		A1E58C2026627A4D00223E3E /* horse3.png in Resources */ = {isa = PBXBuildFile; fileRef = A1E58C1426627A4D00223E3E /* horse3.png */; };
		A1E58C2126627A4D00223E3E /* horse7.png in Resources */ = {isa = PBXBuildFile; fileRef = A1E58C1526627A4D00223E3E /* horse7.png */; };
		A1EAAC952669A31300E818FC /* Title.png in Resources */ = {isa = PBXBuildFile; fileRef = A1EAAC942669A31300E818FC /* Title.png */; };
		A1ED6CC8265645870044CBBB /* pony1.jpg in Resources */ = {isa = PBXBuildFile; fileRef = A1ED6CC3265645860044CBBB /* pony1.jpg */; };
		A1ED6CC9265645870044CBBB /* pony3.jpg in Resources */ = {isa = PBXBuildFile; fileRef = A1ED6CC4265645860044CBBB /* pony3.jpg */; };
		A1ED6CCA265645870044CBBB /* pony4.jpg in Resources */ = {isa = PBXBuildFile; fileRef = A1ED6CC5265645870044CBBB /* pony4.jpg */; };
		A1ED6CCB265645870044CBBB /* pony5.jpg in Resources */ = {isa = PBXBuildFile; fileRef = A1ED6CC6265645870044CBBB /* pony5.jpg */; };
		A1ED6CCC265645870044CBBB /* pony2.jpg in Resources */ = {isa = PBXBuildFile; fileRef = A1ED6CC7265645870044CBBB /* pony2.jpg */; };
		A1ED6CD3265646030044CBBB /* thoroughbred2.jpg in Resources */ = {isa = PBXBuildFile; fileRef = A1ED6CCE265646030044CBBB /* thoroughbred2.jpg */; };
		A1ED6CD4265646030044CBBB /* thoroughbred4.jpg in Resources */ = {isa = PBXBuildFile; fileRef = A1ED6CCF265646030044CBBB /* thoroughbred4.jpg */; };
		A1ED6CD5265646030044CBBB /* thoroughbred3.jpg in Resources */ = {isa = PBXBuildFile; fileRef = A1ED6CD0265646030044CBBB /* thoroughbred3.jpg */; };
		A1ED6CD6265646030044CBBB /* thoroughbred5.jpg in Resources */ = {isa = PBXBuildFile; fileRef = A1ED6CD1265646030044CBBB /* thoroughbred5.jpg */; };
		A1ED6CD7265646030044CBBB /* thoroughbred1.jpg in Resources */ = {isa = PBXBuildFile; fileRef = A1ED6CD2265646030044CBBB /* thoroughbred1.jpg */; };
		A1ED6CDE265646AD0044CBBB /* shire4.jpg in Resources */ = {isa = PBXBuildFile; fileRef = A1ED6CD9265646AD0044CBBB /* shire4.jpg */; };
		A1ED6CDF265646AD0044CBBB /* shire3.jpg in Resources */ = {isa = PBXBuildFile; fileRef = A1ED6CDA265646AD0044CBBB /* shire3.jpg */; };
		A1ED6CE0265646AD0044CBBB /* shire5.jpg in Resources */ = {isa = PBXBuildFile; fileRef = A1ED6CDB265646AD0044CBBB /* shire5.jpg */; };
		A1ED6CE1265646AD0044CBBB /* shire2.jpg in Resources */ = {isa = PBXBuildFile; fileRef = A1ED6CDC265646AD0044CBBB /* shire2.jpg */; };
		A1ED6CE2265646AD0044CBBB /* shire1.jpg in Resources */ = {isa = PBXBuildFile; fileRef = A1ED6CDD265646AD0044CBBB /* shire1.jpg */; };
		A1ED6CE9265647070044CBBB /* miniature2.jpg in Resources */ = {isa = PBXBuildFile; fileRef = A1ED6CE4265647060044CBBB /* miniature2.jpg */; };
		A1ED6CEA265647070044CBBB /* miniature3.jpg in Resources */ = {isa = PBXBuildFile; fileRef = A1ED6CE5265647060044CBBB /* miniature3.jpg */; };
		A1ED6CEB265647070044CBBB /* miniature5.jpg in Resources */ = {isa = PBXBuildFile; fileRef = A1ED6CE6265647070044CBBB /* miniature5.jpg */; };
		A1ED6CEC265647070044CBBB /* miniature1.jpg in Resources */ = {isa = PBXBuildFile; fileRef = A1ED6CE7265647070044CBBB /* miniature1.jpg */; };
		A1ED6CED265647070044CBBB /* miniature4.jpg in Resources */ = {isa = PBXBuildFile; fileRef = A1ED6CE8265647070044CBBB /* miniature4.jpg */; };
		A1ED6CF0265649D30044CBBB /* TextViewConerRound.swift in Sources */ = {isa = PBXBuildFile; fileRef = A1ED6CEF265649D30044CBBB /* TextViewConerRound.swift */; };
		A1F048112667CCBA0020DFE1 /* HorseScoreGraphViewController.swift in Sources */ = {isa = PBXBuildFile; fileRef = A1F048102667CCBA0020DFE1 /* HorseScoreGraphViewController.swift */; };
		A1F269DA264A6ED500A41B21 /* AppDelegate.swift in Sources */ = {isa = PBXBuildFile; fileRef = A1F269D9264A6ED500A41B21 /* AppDelegate.swift */; };
		A1F269DC264A6ED500A41B21 /* SceneDelegate.swift in Sources */ = {isa = PBXBuildFile; fileRef = A1F269DB264A6ED500A41B21 /* SceneDelegate.swift */; };
		A1F269DE264A6ED500A41B21 /* ViewController.swift in Sources */ = {isa = PBXBuildFile; fileRef = A1F269DD264A6ED500A41B21 /* ViewController.swift */; };
		A1F269E1264A6ED500A41B21 /* Main.storyboard in Resources */ = {isa = PBXBuildFile; fileRef = A1F269DF264A6ED500A41B21 /* Main.storyboard */; };
		A1F269E3264A6ED600A41B21 /* Assets.xcassets in Resources */ = {isa = PBXBuildFile; fileRef = A1F269E2264A6ED600A41B21 /* Assets.xcassets */; };
		A1F269E6264A6ED600A41B21 /* LaunchScreen.storyboard in Resources */ = {isa = PBXBuildFile; fileRef = A1F269E4264A6ED600A41B21 /* LaunchScreen.storyboard */; };
		A1FBE06D265BDC8100E278E3 /* 서러브레드.png in Resources */ = {isa = PBXBuildFile; fileRef = A1FBE06C265BDC8100E278E3 /* 서러브레드.png */; };
		A1FD990E266F0DD000DE8D4F /* win.wav in Resources */ = {isa = PBXBuildFile; fileRef = A1FD9909266F0DD000DE8D4F /* win.wav */; };
		A1FD990F266F0DD000DE8D4F /* ding.wav in Resources */ = {isa = PBXBuildFile; fileRef = A1FD990A266F0DD000DE8D4F /* ding.wav */; };
		A1FD9910266F0DD000DE8D4F /* cardFlip1.wav in Resources */ = {isa = PBXBuildFile; fileRef = A1FD990B266F0DD000DE8D4F /* cardFlip1.wav */; };
		A1FD9911266F0DD000DE8D4F /* chip.wav in Resources */ = {isa = PBXBuildFile; fileRef = A1FD990C266F0DD000DE8D4F /* chip.wav */; };
		A1FD9912266F0DD000DE8D4F /* wrong.wav in Resources */ = {isa = PBXBuildFile; fileRef = A1FD990D266F0DD000DE8D4F /* wrong.wav */; };
		A1FD991A266F0DE500DE8D4F /* AudioController.swift in Sources */ = {isa = PBXBuildFile; fileRef = A1FD9919266F0DE500DE8D4F /* AudioController.swift */; };
/* End PBXBuildFile section */

/* Begin PBXFileReference section */
		A134B1A0266F046500D1B796 /* HorseLikeTableViewController.swift */ = {isa = PBXFileReference; fileEncoding = 4; lastKnownFileType = sourcecode.swift; name = HorseLikeTableViewController.swift; path = SmartPhoneGameprogrammingTermProject/Ratings/HorseLikeTableViewController.swift; sourceTree = SOURCE_ROOT; };
		A134B1A1266F046500D1B796 /* HorseTableViewCell.swift */ = {isa = PBXFileReference; fileEncoding = 4; lastKnownFileType = sourcecode.swift; name = HorseTableViewCell.swift; path = SmartPhoneGameprogrammingTermProject/Ratings/HorseTableViewCell.swift; sourceTree = SOURCE_ROOT; };
		A134B1A2266F046500D1B796 /* StarTableViewController.swift */ = {isa = PBXFileReference; fileEncoding = 4; lastKnownFileType = sourcecode.swift; name = StarTableViewController.swift; path = SmartPhoneGameprogrammingTermProject/Ratings/StarTableViewController.swift; sourceTree = SOURCE_ROOT; };
		A134B1A3266F046500D1B796 /* Horse.swift */ = {isa = PBXFileReference; fileEncoding = 4; lastKnownFileType = sourcecode.swift; name = Horse.swift; path = SmartPhoneGameprogrammingTermProject/Ratings/Horse.swift; sourceTree = SOURCE_ROOT; };
		A134B1A4266F046500D1B796 /* HorseRatingDetailsTableViewController.swift */ = {isa = PBXFileReference; fileEncoding = 4; lastKnownFileType = sourcecode.swift; name = HorseRatingDetailsTableViewController.swift; path = SmartPhoneGameprogrammingTermProject/Ratings/HorseRatingDetailsTableViewController.swift; sourceTree = SOURCE_ROOT; };
		A134B1A5266F046500D1B796 /* SampleData.swift */ = {isa = PBXFileReference; fileEncoding = 4; lastKnownFileType = sourcecode.swift; name = SampleData.swift; path = SmartPhoneGameprogrammingTermProject/Ratings/SampleData.swift; sourceTree = SOURCE_ROOT; };
		A134B1AC266F04CB00D1B796 /* 3Stars.png */ = {isa = PBXFileReference; lastKnownFileType = image.png; name = 3Stars.png; path = SmartPhoneGameprogrammingTermProject/3Stars.png; sourceTree = SOURCE_ROOT; };
		A134B1AD266F04CB00D1B796 /* 1Stars.png */ = {isa = PBXFileReference; lastKnownFileType = image.png; name = 1Stars.png; path = SmartPhoneGameprogrammingTermProject/1Stars.png; sourceTree = SOURCE_ROOT; };
		A134B1AE266F04CB00D1B796 /* 5Stars.png */ = {isa = PBXFileReference; lastKnownFileType = image.png; name = 5Stars.png; path = SmartPhoneGameprogrammingTermProject/5Stars.png; sourceTree = SOURCE_ROOT; };
		A134B1AF266F04CB00D1B796 /* 4Stars.png */ = {isa = PBXFileReference; lastKnownFileType = image.png; name = 4Stars.png; path = SmartPhoneGameprogrammingTermProject/4Stars.png; sourceTree = SOURCE_ROOT; };
		A134B1B0266F04CB00D1B796 /* 2Stars.png */ = {isa = PBXFileReference; lastKnownFileType = image.png; name = 2Stars.png; path = SmartPhoneGameprogrammingTermProject/2Stars.png; sourceTree = SOURCE_ROOT; };
		A16555C5266F006A0086ACB4 /* StardustView.swift */ = {isa = PBXFileReference; lastKnownFileType = sourcecode.swift; path = StardustView.swift; sourceTree = "<group>"; };
		A16555C7266F03BD0086ACB4 /* png */ = {isa = PBXFileReference; lastKnownFileType = folder; path = png; sourceTree = "<group>"; };
		A1685B28266E86D600168208 /* horse2particle.png */ = {isa = PBXFileReference; lastKnownFileType = image.png; path = horse2particle.png; sourceTree = "<group>"; };
		A199FE8A2667E13A001E8383 /* SnowfallChart.swift */ = {isa = PBXFileReference; fileEncoding = 4; lastKnownFileType = sourcecode.swift; path = SnowfallChart.swift; sourceTree = "<group>"; };
		A199FE8B2667E13A001E8383 /* TemperatureChart.swift */ = {isa = PBXFileReference; fileEncoding = 4; lastKnownFileType = sourcecode.swift; path = TemperatureChart.swift; sourceTree = "<group>"; };
		A199FE8C2667E13A001E8383 /* PrecipitationChart.swift */ = {isa = PBXFileReference; fileEncoding = 4; lastKnownFileType = sourcecode.swift; path = PrecipitationChart.swift; sourceTree = "<group>"; };
		A199FE902667E145001E8383 /* ContentView.swift */ = {isa = PBXFileReference; fileEncoding = 4; lastKnownFileType = sourcecode.swift; path = ContentView.swift; sourceTree = "<group>"; };
		A199FE912667E145001E8383 /* DoubleExtension.swift */ = {isa = PBXFileReference; fileEncoding = 4; lastKnownFileType = sourcecode.swift; path = DoubleExtension.swift; sourceTree = "<group>"; };
		A199FE922667E145001E8383 /* MapView.swift */ = {isa = PBXFileReference; fileEncoding = 4; lastKnownFileType = sourcecode.swift; path = MapView.swift; sourceTree = "<group>"; };
		A199FE962667E151001E8383 /* weather-data.csv */ = {isa = PBXFileReference; fileEncoding = 4; lastKnownFileType = text; path = "weather-data.csv"; sourceTree = "<group>"; };
		A199FE972667E151001E8383 /* WeatherStation.swift */ = {isa = PBXFileReference; fileEncoding = 4; lastKnownFileType = sourcecode.swift; path = WeatherStation.swift; sourceTree = "<group>"; };
		A199FE982667E151001E8383 /* DayInfo.swift */ = {isa = PBXFileReference; fileEncoding = 4; lastKnownFileType = sourcecode.swift; path = DayInfo.swift; sourceTree = "<group>"; };
		A199FE992667E151001E8383 /* WeatherInformation.swift */ = {isa = PBXFileReference; fileEncoding = 4; lastKnownFileType = sourcecode.swift; path = WeatherInformation.swift; sourceTree = "<group>"; };
		A199FE9E2667E186001E8383 /* StationInfo.swift */ = {isa = PBXFileReference; fileEncoding = 4; lastKnownFileType = sourcecode.swift; path = StationInfo.swift; sourceTree = "<group>"; };
		A199FE9F2667E186001E8383 /* StationHeader.swift */ = {isa = PBXFileReference; fileEncoding = 4; lastKnownFileType = sourcecode.swift; path = StationHeader.swift; sourceTree = "<group>"; };
		A199FEA22667E191001E8383 /* SnowfallTab.swift */ = {isa = PBXFileReference; fileEncoding = 4; lastKnownFileType = sourcecode.swift; path = SnowfallTab.swift; sourceTree = "<group>"; };
		A199FEA32667E192001E8383 /* TemperatureTab.swift */ = {isa = PBXFileReference; fileEncoding = 4; lastKnownFileType = sourcecode.swift; path = TemperatureTab.swift; sourceTree = "<group>"; };
		A199FEA42667E192001E8383 /* PrecipitationTab.swift */ = {isa = PBXFileReference; fileEncoding = 4; lastKnownFileType = sourcecode.swift; path = PrecipitationTab.swift; sourceTree = "<group>"; };
		A199FEAA2667EF8B001E8383 /* WebKit.framework */ = {isa = PBXFileReference; lastKnownFileType = wrapper.framework; name = WebKit.framework; path = System/Library/Frameworks/WebKit.framework; sourceTree = SDKROOT; };
		A1CC620826600CA200AB3D1D /* Animator.swift */ = {isa = PBXFileReference; fileEncoding = 4; lastKnownFileType = sourcecode.swift; path = Animator.swift; sourceTree = "<group>"; };
		A1CC620926600CA200AB3D1D /* Animations.swift */ = {isa = PBXFileReference; fileEncoding = 4; lastKnownFileType = sourcecode.swift; path = Animations.swift; sourceTree = "<group>"; };
		A1CC620D26600D0700AB3D1D /* HorsetableViewController.swift */ = {isa = PBXFileReference; lastKnownFileType = sourcecode.swift; path = HorsetableViewController.swift; sourceTree = "<group>"; };
		A1CC620F26600D3900AB3D1D /* UITableView+Ext.swift */ = {isa = PBXFileReference; fileEncoding = 4; lastKnownFileType = sourcecode.swift; path = "UITableView+Ext.swift"; sourceTree = "<group>"; };
		A1CC62112660119300AB3D1D /* thoroughbredController.swift */ = {isa = PBXFileReference; lastKnownFileType = sourcecode.swift; path = thoroughbredController.swift; sourceTree = "<group>"; };
		A1CC6214266011BB00AB3D1D /* shireController.swift */ = {isa = PBXFileReference; lastKnownFileType = sourcecode.swift; path = shireController.swift; sourceTree = "<group>"; };
		A1CC6216266011D100AB3D1D /* miniatureController.swift */ = {isa = PBXFileReference; lastKnownFileType = sourcecode.swift; path = miniatureController.swift; sourceTree = "<group>"; };
		A1CC6218266011E100AB3D1D /* ponyController.swift */ = {isa = PBXFileReference; lastKnownFileType = sourcecode.swift; path = ponyController.swift; sourceTree = "<group>"; };
		A1CE3E41265BD97D003DE136 /* HorseInfoDetailTableViewController.swift */ = {isa = PBXFileReference; fileEncoding = 4; lastKnownFileType = sourcecode.swift; path = HorseInfoDetailTableViewController.swift; sourceTree = "<group>"; };
		A1CE3E42265BD97D003DE136 /* HorseInfoTableViewController.swift */ = {isa = PBXFileReference; fileEncoding = 4; lastKnownFileType = sourcecode.swift; path = HorseInfoTableViewController.swift; sourceTree = "<group>"; };
		A1D86E2C265971030056E1B5 /* 미니어처.png */ = {isa = PBXFileReference; lastKnownFileType = image.png; path = "미니어처.png"; sourceTree = "<group>"; };
		A1D86E2E2659710C0056E1B5 /* 샤이어.png */ = {isa = PBXFileReference; lastKnownFileType = image.png; path = "샤이어.png"; sourceTree = "<group>"; };
		A1D86E30265971170056E1B5 /* 포니.png */ = {isa = PBXFileReference; lastKnownFileType = image.png; path = "포니.png"; sourceTree = "<group>"; };
		A1E58C0A26627A4D00223E3E /* horse5.png */ = {isa = PBXFileReference; lastKnownFileType = image.png; path = horse5.png; sourceTree = "<group>"; };
		A1E58C0B26627A4D00223E3E /* horse2.png */ = {isa = PBXFileReference; lastKnownFileType = image.png; path = horse2.png; sourceTree = "<group>"; };
		A1E58C0C26627A4D00223E3E /* horse8.png */ = {isa = PBXFileReference; lastKnownFileType = image.png; path = horse8.png; sourceTree = "<group>"; };
		A1E58C0D26627A4D00223E3E /* horse1.png */ = {isa = PBXFileReference; lastKnownFileType = image.png; path = horse1.png; sourceTree = "<group>"; };
		A1E58C0E26627A4D00223E3E /* horse9.png */ = {isa = PBXFileReference; lastKnownFileType = image.png; path = horse9.png; sourceTree = "<group>"; };
		A1E58C0F26627A4D00223E3E /* horse11.png */ = {isa = PBXFileReference; lastKnownFileType = image.png; path = horse11.png; sourceTree = "<group>"; };
		A1E58C1026627A4D00223E3E /* horse4.png */ = {isa = PBXFileReference; lastKnownFileType = image.png; path = horse4.png; sourceTree = "<group>"; };
		A1E58C1126627A4D00223E3E /* horse12.png */ = {isa = PBXFileReference; lastKnownFileType = image.png; path = horse12.png; sourceTree = "<group>"; };
		A1E58C1226627A4D00223E3E /* horse10.png */ = {isa = PBXFileReference; lastKnownFileType = image.png; path = horse10.png; sourceTree = "<group>"; };
		A1E58C1326627A4D00223E3E /* horse6.png */ = {isa = PBXFileReference; lastKnownFileType = image.png; path = horse6.png; sourceTree = "<group>"; };
		A1E58C1426627A4D00223E3E /* horse3.png */ = {isa = PBXFileReference; lastKnownFileType = image.png; path = horse3.png; sourceTree = "<group>"; };
		A1E58C1526627A4D00223E3E /* horse7.png */ = {isa = PBXFileReference; lastKnownFileType = image.png; path = horse7.png; sourceTree = "<group>"; };
		A1EAAC942669A31300E818FC /* Title.png */ = {isa = PBXFileReference; lastKnownFileType = image.png; path = Title.png; sourceTree = "<group>"; };
		A1ED6CC3265645860044CBBB /* pony1.jpg */ = {isa = PBXFileReference; lastKnownFileType = image.jpeg; path = pony1.jpg; sourceTree = "<group>"; };
		A1ED6CC4265645860044CBBB /* pony3.jpg */ = {isa = PBXFileReference; lastKnownFileType = image.jpeg; path = pony3.jpg; sourceTree = "<group>"; };
		A1ED6CC5265645870044CBBB /* pony4.jpg */ = {isa = PBXFileReference; lastKnownFileType = image.jpeg; path = pony4.jpg; sourceTree = "<group>"; };
		A1ED6CC6265645870044CBBB /* pony5.jpg */ = {isa = PBXFileReference; lastKnownFileType = image.jpeg; path = pony5.jpg; sourceTree = "<group>"; };
		A1ED6CC7265645870044CBBB /* pony2.jpg */ = {isa = PBXFileReference; lastKnownFileType = image.jpeg; path = pony2.jpg; sourceTree = "<group>"; };
		A1ED6CCE265646030044CBBB /* thoroughbred2.jpg */ = {isa = PBXFileReference; lastKnownFileType = image.jpeg; path = thoroughbred2.jpg; sourceTree = "<group>"; };
		A1ED6CCF265646030044CBBB /* thoroughbred4.jpg */ = {isa = PBXFileReference; lastKnownFileType = image.jpeg; path = thoroughbred4.jpg; sourceTree = "<group>"; };
		A1ED6CD0265646030044CBBB /* thoroughbred3.jpg */ = {isa = PBXFileReference; lastKnownFileType = image.jpeg; path = thoroughbred3.jpg; sourceTree = "<group>"; };
		A1ED6CD1265646030044CBBB /* thoroughbred5.jpg */ = {isa = PBXFileReference; lastKnownFileType = image.jpeg; path = thoroughbred5.jpg; sourceTree = "<group>"; };
		A1ED6CD2265646030044CBBB /* thoroughbred1.jpg */ = {isa = PBXFileReference; lastKnownFileType = image.jpeg; path = thoroughbred1.jpg; sourceTree = "<group>"; };
		A1ED6CD9265646AD0044CBBB /* shire4.jpg */ = {isa = PBXFileReference; lastKnownFileType = image.jpeg; path = shire4.jpg; sourceTree = "<group>"; };
		A1ED6CDA265646AD0044CBBB /* shire3.jpg */ = {isa = PBXFileReference; lastKnownFileType = image.jpeg; path = shire3.jpg; sourceTree = "<group>"; };
		A1ED6CDB265646AD0044CBBB /* shire5.jpg */ = {isa = PBXFileReference; lastKnownFileType = image.jpeg; path = shire5.jpg; sourceTree = "<group>"; };
		A1ED6CDC265646AD0044CBBB /* shire2.jpg */ = {isa = PBXFileReference; lastKnownFileType = image.jpeg; path = shire2.jpg; sourceTree = "<group>"; };
		A1ED6CDD265646AD0044CBBB /* shire1.jpg */ = {isa = PBXFileReference; lastKnownFileType = image.jpeg; path = shire1.jpg; sourceTree = "<group>"; };
		A1ED6CE4265647060044CBBB /* miniature2.jpg */ = {isa = PBXFileReference; lastKnownFileType = image.jpeg; path = miniature2.jpg; sourceTree = "<group>"; };
		A1ED6CE5265647060044CBBB /* miniature3.jpg */ = {isa = PBXFileReference; lastKnownFileType = image.jpeg; path = miniature3.jpg; sourceTree = "<group>"; };
		A1ED6CE6265647070044CBBB /* miniature5.jpg */ = {isa = PBXFileReference; lastKnownFileType = image.jpeg; path = miniature5.jpg; sourceTree = "<group>"; };
		A1ED6CE7265647070044CBBB /* miniature1.jpg */ = {isa = PBXFileReference; lastKnownFileType = image.jpeg; path = miniature1.jpg; sourceTree = "<group>"; };
		A1ED6CE8265647070044CBBB /* miniature4.jpg */ = {isa = PBXFileReference; lastKnownFileType = image.jpeg; path = miniature4.jpg; sourceTree = "<group>"; };
		A1ED6CEF265649D30044CBBB /* TextViewConerRound.swift */ = {isa = PBXFileReference; lastKnownFileType = sourcecode.swift; path = TextViewConerRound.swift; sourceTree = "<group>"; };
		A1F0480D2667CA0A0020DFE1 /* HorseScoreTableViewController.swift */ = {isa = PBXFileReference; lastKnownFileType = sourcecode.swift; path = HorseScoreTableViewController.swift; sourceTree = "<group>"; };
		A1F048102667CCBA0020DFE1 /* HorseScoreGraphViewController.swift */ = {isa = PBXFileReference; lastKnownFileType = sourcecode.swift; path = HorseScoreGraphViewController.swift; sourceTree = "<group>"; };
		A1F269D6264A6ED500A41B21 /* SmartPhoneGameprogrammingTermProject.app */ = {isa = PBXFileReference; explicitFileType = wrapper.application; includeInIndex = 0; path = SmartPhoneGameprogrammingTermProject.app; sourceTree = BUILT_PRODUCTS_DIR; };
		A1F269D9264A6ED500A41B21 /* AppDelegate.swift */ = {isa = PBXFileReference; lastKnownFileType = sourcecode.swift; path = AppDelegate.swift; sourceTree = "<group>"; };
		A1F269DB264A6ED500A41B21 /* SceneDelegate.swift */ = {isa = PBXFileReference; lastKnownFileType = sourcecode.swift; path = SceneDelegate.swift; sourceTree = "<group>"; };
		A1F269DD264A6ED500A41B21 /* ViewController.swift */ = {isa = PBXFileReference; lastKnownFileType = sourcecode.swift; path = ViewController.swift; sourceTree = "<group>"; };
		A1F269E0264A6ED500A41B21 /* Base */ = {isa = PBXFileReference; lastKnownFileType = file.storyboard; name = Base; path = Base.lproj/Main.storyboard; sourceTree = "<group>"; };
		A1F269E2264A6ED600A41B21 /* Assets.xcassets */ = {isa = PBXFileReference; lastKnownFileType = folder.assetcatalog; path = Assets.xcassets; sourceTree = "<group>"; };
		A1F269E5264A6ED600A41B21 /* Base */ = {isa = PBXFileReference; lastKnownFileType = file.storyboard; name = Base; path = Base.lproj/LaunchScreen.storyboard; sourceTree = "<group>"; };
		A1F269E7264A6ED600A41B21 /* Info.plist */ = {isa = PBXFileReference; lastKnownFileType = text.plist.xml; path = Info.plist; sourceTree = "<group>"; };
		A1FBE06C265BDC8100E278E3 /* 서러브레드.png */ = {isa = PBXFileReference; lastKnownFileType = image.png; path = "서러브레드.png"; sourceTree = "<group>"; };
		A1FD9909266F0DD000DE8D4F /* win.wav */ = {isa = PBXFileReference; lastKnownFileType = audio.wav; name = win.wav; path = ../../../../jykim/BlackJack/BlackJack/sounds/win.wav; sourceTree = "<group>"; };
		A1FD990A266F0DD000DE8D4F /* ding.wav */ = {isa = PBXFileReference; lastKnownFileType = audio.wav; name = ding.wav; path = ../../../../jykim/BlackJack/BlackJack/sounds/ding.wav; sourceTree = "<group>"; };
		A1FD990B266F0DD000DE8D4F /* cardFlip1.wav */ = {isa = PBXFileReference; lastKnownFileType = audio.wav; name = cardFlip1.wav; path = ../../../../jykim/BlackJack/BlackJack/sounds/cardFlip1.wav; sourceTree = "<group>"; };
		A1FD990C266F0DD000DE8D4F /* chip.wav */ = {isa = PBXFileReference; lastKnownFileType = audio.wav; name = chip.wav; path = ../../../../jykim/BlackJack/BlackJack/sounds/chip.wav; sourceTree = "<group>"; };
		A1FD990D266F0DD000DE8D4F /* wrong.wav */ = {isa = PBXFileReference; lastKnownFileType = audio.wav; name = wrong.wav; path = ../../../../jykim/BlackJack/BlackJack/sounds/wrong.wav; sourceTree = "<group>"; };
		A1FD9914266F0DD500DE8D4F /* win.wav */ = {isa = PBXFileReference; lastKnownFileType = audio.wav; path = win.wav; sourceTree = "<group>"; };
		A1FD9915266F0DD500DE8D4F /* chip.wav */ = {isa = PBXFileReference; lastKnownFileType = audio.wav; path = chip.wav; sourceTree = "<group>"; };
		A1FD9916266F0DD500DE8D4F /* ding.wav */ = {isa = PBXFileReference; lastKnownFileType = audio.wav; path = ding.wav; sourceTree = "<group>"; };
		A1FD9917266F0DD500DE8D4F /* cardFlip1.wav */ = {isa = PBXFileReference; lastKnownFileType = audio.wav; path = cardFlip1.wav; sourceTree = "<group>"; };
		A1FD9918266F0DD500DE8D4F /* wrong.wav */ = {isa = PBXFileReference; lastKnownFileType = audio.wav; path = wrong.wav; sourceTree = "<group>"; };
		A1FD9919266F0DE500DE8D4F /* AudioController.swift */ = {isa = PBXFileReference; fileEncoding = 4; lastKnownFileType = sourcecode.swift; name = AudioController.swift; path = ../../../../jykim/BlackJack/BlackJack/AudioController.swift; sourceTree = "<group>"; };
/* End PBXFileReference section */

/* Begin PBXFrameworksBuildPhase section */
		A1F269D3264A6ED500A41B21 /* Frameworks */ = {
			isa = PBXFrameworksBuildPhase;
			buildActionMask = 2147483647;
			files = (
				A199FEAB2667EF8B001E8383 /* WebKit.framework in Frameworks */,
			);
			runOnlyForDeploymentPostprocessing = 0;
		};
/* End PBXFrameworksBuildPhase section */

/* Begin PBXGroup section */
		A10E7CD7266E5F5F004B07B2 /* iconimage */ = {
			isa = PBXGroup;
			children = (
				A1685B28266E86D600168208 /* horse2particle.png */,
				A1E58C0D26627A4D00223E3E /* horse1.png */,
				A1E58C0B26627A4D00223E3E /* horse2.png */,
				A1E58C1426627A4D00223E3E /* horse3.png */,
				A1E58C1026627A4D00223E3E /* horse4.png */,
				A1E58C0A26627A4D00223E3E /* horse5.png */,
				A1E58C1326627A4D00223E3E /* horse6.png */,
				A1E58C1526627A4D00223E3E /* horse7.png */,
				A1E58C0C26627A4D00223E3E /* horse8.png */,
				A1E58C0E26627A4D00223E3E /* horse9.png */,
				A1E58C1226627A4D00223E3E /* horse10.png */,
				A1E58C0F26627A4D00223E3E /* horse11.png */,
				A1E58C1126627A4D00223E3E /* horse12.png */,
			);
			path = iconimage;
			sourceTree = "<group>";
		};
		A12139282655315F00772963 /* Image */ = {
			isa = PBXGroup;
			children = (
				A134B1AD266F04CB00D1B796 /* 1Stars.png */,
				A134B1B0266F04CB00D1B796 /* 2Stars.png */,
				A134B1AC266F04CB00D1B796 /* 3Stars.png */,
				A134B1AF266F04CB00D1B796 /* 4Stars.png */,
				A134B1AE266F04CB00D1B796 /* 5Stars.png */,
				A16555C7266F03BD0086ACB4 /* png */,
				A10E7CD7266E5F5F004B07B2 /* iconimage */,
				A1FBE06C265BDC8100E278E3 /* 서러브레드.png */,
				A1D86E2C265971030056E1B5 /* 미니어처.png */,
				A1D86E30265971170056E1B5 /* 포니.png */,
				A1D86E2E2659710C0056E1B5 /* 샤이어.png */,
				A1ED6CE3265646B90044CBBB /* shire */,
				A1ED6CD82656460C0044CBBB /* thoroughbred */,
				A1ED6CCD2656458A0044CBBB /* pony */,
				A1ED6CEE2656470C0044CBBB /* miniature */,
			);
			path = Image;
			sourceTree = "<group>";
		};
		A134B19F266F045A00D1B796 /* Rating */ = {
			isa = PBXGroup;
			children = (
				A134B1A3266F046500D1B796 /* Horse.swift */,
				A134B1A0266F046500D1B796 /* HorseLikeTableViewController.swift */,
				A134B1A4266F046500D1B796 /* HorseRatingDetailsTableViewController.swift */,
				A134B1A1266F046500D1B796 /* HorseTableViewCell.swift */,
				A134B1A5266F046500D1B796 /* SampleData.swift */,
				A134B1A2266F046500D1B796 /* StarTableViewController.swift */,
			);
			path = Rating;
			sourceTree = "<group>";
		};
		A199FEA82667E198001E8383 /* weather */ = {
			isa = PBXGroup;
			children = (
				A199FE8C2667E13A001E8383 /* PrecipitationChart.swift */,
				A199FE8A2667E13A001E8383 /* SnowfallChart.swift */,
				A199FE8B2667E13A001E8383 /* TemperatureChart.swift */,
				A199FE902667E145001E8383 /* ContentView.swift */,
				A199FE912667E145001E8383 /* DoubleExtension.swift */,
				A199FE922667E145001E8383 /* MapView.swift */,
				A199FE982667E151001E8383 /* DayInfo.swift */,
				A199FE962667E151001E8383 /* weather-data.csv */,
				A199FE992667E151001E8383 /* WeatherInformation.swift */,
				A199FE972667E151001E8383 /* WeatherStation.swift */,
				A199FE9F2667E186001E8383 /* StationHeader.swift */,
				A199FE9E2667E186001E8383 /* StationInfo.swift */,
				A199FEA42667E192001E8383 /* PrecipitationTab.swift */,
				A199FEA22667E191001E8383 /* SnowfallTab.swift */,
				A199FEA32667E192001E8383 /* TemperatureTab.swift */,
			);
			path = weather;
			sourceTree = "<group>";
		};
		A199FEA92667EF8B001E8383 /* Frameworks */ = {
			isa = PBXGroup;
			children = (
				A199FEAA2667EF8B001E8383 /* WebKit.framework */,
			);
			name = Frameworks;
			sourceTree = "<group>";
		};
		A1CC620C26600CA800AB3D1D /* CellAnimation */ = {
			isa = PBXGroup;
			children = (
				A1CC620F26600D3900AB3D1D /* UITableView+Ext.swift */,
				A1CC620926600CA200AB3D1D /* Animations.swift */,
				A1CC620826600CA200AB3D1D /* Animator.swift */,
				A1CC620D26600D0700AB3D1D /* HorsetableViewController.swift */,
			);
			path = CellAnimation;
			sourceTree = "<group>";
		};
		A1CC6213266011A400AB3D1D /* pageControl */ = {
			isa = PBXGroup;
			children = (
				A1CC62112660119300AB3D1D /* thoroughbredController.swift */,
				A1CC6214266011BB00AB3D1D /* shireController.swift */,
				A1CC6216266011D100AB3D1D /* miniatureController.swift */,
				A1CC6218266011E100AB3D1D /* ponyController.swift */,
			);
			path = pageControl;
			sourceTree = "<group>";
		};
		A1CE3E3F265BD96E003DE136 /* HorseInfo */ = {
			isa = PBXGroup;
			children = (
				A1CE3E41265BD97D003DE136 /* HorseInfoDetailTableViewController.swift */,
				A1CE3E42265BD97D003DE136 /* HorseInfoTableViewController.swift */,
			);
			path = HorseInfo;
			sourceTree = "<group>";
		};
		A1ED6CCD2656458A0044CBBB /* pony */ = {
			isa = PBXGroup;
			children = (
				A1ED6CC3265645860044CBBB /* pony1.jpg */,
				A1ED6CC7265645870044CBBB /* pony2.jpg */,
				A1ED6CC4265645860044CBBB /* pony3.jpg */,
				A1ED6CC5265645870044CBBB /* pony4.jpg */,
				A1ED6CC6265645870044CBBB /* pony5.jpg */,
			);
			path = pony;
			sourceTree = "<group>";
		};
		A1ED6CD82656460C0044CBBB /* thoroughbred */ = {
			isa = PBXGroup;
			children = (
				A1ED6CD2265646030044CBBB /* thoroughbred1.jpg */,
				A1ED6CCE265646030044CBBB /* thoroughbred2.jpg */,
				A1ED6CD0265646030044CBBB /* thoroughbred3.jpg */,
				A1ED6CCF265646030044CBBB /* thoroughbred4.jpg */,
				A1ED6CD1265646030044CBBB /* thoroughbred5.jpg */,
			);
			path = thoroughbred;
			sourceTree = "<group>";
		};
		A1ED6CE3265646B90044CBBB /* shire */ = {
			isa = PBXGroup;
			children = (
				A1ED6CDD265646AD0044CBBB /* shire1.jpg */,
				A1ED6CDC265646AD0044CBBB /* shire2.jpg */,
				A1ED6CDA265646AD0044CBBB /* shire3.jpg */,
				A1ED6CD9265646AD0044CBBB /* shire4.jpg */,
				A1ED6CDB265646AD0044CBBB /* shire5.jpg */,
			);
			path = shire;
			sourceTree = "<group>";
		};
		A1ED6CEE2656470C0044CBBB /* miniature */ = {
			isa = PBXGroup;
			children = (
				A1ED6CE7265647070044CBBB /* miniature1.jpg */,
				A1ED6CE4265647060044CBBB /* miniature2.jpg */,
				A1ED6CE5265647060044CBBB /* miniature3.jpg */,
				A1ED6CE8265647070044CBBB /* miniature4.jpg */,
				A1ED6CE6265647070044CBBB /* miniature5.jpg */,
			);
			path = miniature;
			sourceTree = "<group>";
		};
		A1ED6CF1265649E00044CBBB /* TextViewControll */ = {
			isa = PBXGroup;
			children = (
				A1ED6CEF265649D30044CBBB /* TextViewConerRound.swift */,
			);
			path = TextViewControll;
			sourceTree = "<group>";
		};
		A1F0480F2667CC5B0020DFE1 /* HorseScore */ = {
			isa = PBXGroup;
			children = (
				A1F0480D2667CA0A0020DFE1 /* HorseScoreTableViewController.swift */,
				A1F048102667CCBA0020DFE1 /* HorseScoreGraphViewController.swift */,
				A16555C5266F006A0086ACB4 /* StardustView.swift */,
			);
			path = HorseScore;
			sourceTree = "<group>";
		};
		A1F269CD264A6ED500A41B21 = {
			isa = PBXGroup;
			children = (
				A1F269D8264A6ED500A41B21 /* SmartPhoneGameprogrammingTermProject */,
				A1F269D7264A6ED500A41B21 /* Products */,
				A199FEA92667EF8B001E8383 /* Frameworks */,
			);
			sourceTree = "<group>";
		};
		A1F269D7264A6ED500A41B21 /* Products */ = {
			isa = PBXGroup;
			children = (
				A1F269D6264A6ED500A41B21 /* SmartPhoneGameprogrammingTermProject.app */,
			);
			name = Products;
			sourceTree = "<group>";
		};
		A1F269D8264A6ED500A41B21 /* SmartPhoneGameprogrammingTermProject */ = {
			isa = PBXGroup;
			children = (
				A134B19F266F045A00D1B796 /* Rating */,
				A199FEA82667E198001E8383 /* weather */,
				A1F0480F2667CC5B0020DFE1 /* HorseScore */,
				A1CE3E3F265BD96E003DE136 /* HorseInfo */,
				A1F269D9264A6ED500A41B21 /* AppDelegate.swift */,
				A1F269DB264A6ED500A41B21 /* SceneDelegate.swift */,
				A1F269DD264A6ED500A41B21 /* ViewController.swift */,
				A1F269DF264A6ED500A41B21 /* Main.storyboard */,
				A1EAAC942669A31300E818FC /* Title.png */,
				A1ED6CF1265649E00044CBBB /* TextViewControll */,
				A1F269E2264A6ED600A41B21 /* Assets.xcassets */,
				A1F269E4264A6ED600A41B21 /* LaunchScreen.storyboard */,
				A1F269E7264A6ED600A41B21 /* Info.plist */,
				A1FD9919266F0DE500DE8D4F /* AudioController.swift */,
				A1FD9913266F0DD500DE8D4F /* sounds */,
				A1FD990B266F0DD000DE8D4F /* cardFlip1.wav */,
				A1FD990C266F0DD000DE8D4F /* chip.wav */,
				A1FD990A266F0DD000DE8D4F /* ding.wav */,
				A1FD9909266F0DD000DE8D4F /* win.wav */,
				A1FD990D266F0DD000DE8D4F /* wrong.wav */,
				A1CC620C26600CA800AB3D1D /* CellAnimation */,
				A12139282655315F00772963 /* Image */,
				A1CC6213266011A400AB3D1D /* pageControl */,
			);
			path = SmartPhoneGameprogrammingTermProject;
			sourceTree = "<group>";
		};
		A1FD9913266F0DD500DE8D4F /* sounds */ = {
			isa = PBXGroup;
			children = (
				A1FD9917266F0DD500DE8D4F /* cardFlip1.wav */,
				A1FD9915266F0DD500DE8D4F /* chip.wav */,
				A1FD9916266F0DD500DE8D4F /* ding.wav */,
				A1FD9914266F0DD500DE8D4F /* win.wav */,
				A1FD9918266F0DD500DE8D4F /* wrong.wav */,
			);
			path = sounds;
			sourceTree = "<group>";
		};
/* End PBXGroup section */

/* Begin PBXNativeTarget section */
		A1F269D5264A6ED500A41B21 /* SmartPhoneGameprogrammingTermProject */ = {
			isa = PBXNativeTarget;
			buildConfigurationList = A1F269EA264A6ED600A41B21 /* Build configuration list for PBXNativeTarget "SmartPhoneGameprogrammingTermProject" */;
			buildPhases = (
				A1F269D2264A6ED500A41B21 /* Sources */,
				A1F269D3264A6ED500A41B21 /* Frameworks */,
				A1F269D4264A6ED500A41B21 /* Resources */,
			);
			buildRules = (
			);
			dependencies = (
			);
			name = SmartPhoneGameprogrammingTermProject;
			productName = SmartPhoneGameprogrammingTermProject;
			productReference = A1F269D6264A6ED500A41B21 /* SmartPhoneGameprogrammingTermProject.app */;
			productType = "com.apple.product-type.application";
		};
/* End PBXNativeTarget section */

/* Begin PBXProject section */
		A1F269CE264A6ED500A41B21 /* Project object */ = {
			isa = PBXProject;
			attributes = {
				LastSwiftUpdateCheck = 1240;
				LastUpgradeCheck = 1240;
				TargetAttributes = {
					A1F269D5264A6ED500A41B21 = {
						CreatedOnToolsVersion = 12.4;
					};
				};
			};
			buildConfigurationList = A1F269D1264A6ED500A41B21 /* Build configuration list for PBXProject "SmartPhoneGameprogrammingTermProject" */;
			compatibilityVersion = "Xcode 9.3";
			developmentRegion = en;
			hasScannedForEncodings = 0;
			knownRegions = (
				en,
				Base,
			);
			mainGroup = A1F269CD264A6ED500A41B21;
			productRefGroup = A1F269D7264A6ED500A41B21 /* Products */;
			projectDirPath = "";
			projectRoot = "";
			targets = (
				A1F269D5264A6ED500A41B21 /* SmartPhoneGameprogrammingTermProject */,
			);
		};
/* End PBXProject section */

/* Begin PBXResourcesBuildPhase section */
		A1F269D4264A6ED500A41B21 /* Resources */ = {
			isa = PBXResourcesBuildPhase;
			buildActionMask = 2147483647;
			files = (
				A1D86E2F2659710C0056E1B5 /* 샤이어.png in Resources */,
				A134B1B4266F04CC00D1B796 /* 4Stars.png in Resources */,
				A1E58C1B26627A4D00223E3E /* horse11.png in Resources */,
				A1ED6CDE265646AD0044CBBB /* shire4.jpg in Resources */,
				A1FD9911266F0DD000DE8D4F /* chip.wav in Resources */,
				A1ED6CEB265647070044CBBB /* miniature5.jpg in Resources */,
				A1FD9910266F0DD000DE8D4F /* cardFlip1.wav in Resources */,
				A1ED6CCB265645870044CBBB /* pony5.jpg in Resources */,
				A1FD9912266F0DD000DE8D4F /* wrong.wav in Resources */,
				A1FBE06D265BDC8100E278E3 /* 서러브레드.png in Resources */,
				A1ED6CE9265647070044CBBB /* miniature2.jpg in Resources */,
				A1E58C1A26627A4D00223E3E /* horse9.png in Resources */,
				A1E58C1C26627A4D00223E3E /* horse4.png in Resources */,
				A1ED6CD4265646030044CBBB /* thoroughbred4.jpg in Resources */,
				A1ED6CD3265646030044CBBB /* thoroughbred2.jpg in Resources */,
				A1ED6CD6265646030044CBBB /* thoroughbred5.jpg in Resources */,
				A1EAAC952669A31300E818FC /* Title.png in Resources */,
				A1FD990E266F0DD000DE8D4F /* win.wav in Resources */,
				A134B1B3266F04CC00D1B796 /* 5Stars.png in Resources */,
				A1E58C1E26627A4D00223E3E /* horse10.png in Resources */,
				A1E58C2126627A4D00223E3E /* horse7.png in Resources */,
				A134B1B2266F04CC00D1B796 /* 1Stars.png in Resources */,
				A16555C8266F03BE0086ACB4 /* png in Resources */,
				A1ED6CED265647070044CBBB /* miniature4.jpg in Resources */,
				A1ED6CC8265645870044CBBB /* pony1.jpg in Resources */,
				A1ED6CCA265645870044CBBB /* pony4.jpg in Resources */,
				A1ED6CEA265647070044CBBB /* miniature3.jpg in Resources */,
				A1685B29266E86D600168208 /* horse2particle.png in Resources */,
				A1F269E6264A6ED600A41B21 /* LaunchScreen.storyboard in Resources */,
				A199FE9A2667E151001E8383 /* weather-data.csv in Resources */,
				A1E58C2026627A4D00223E3E /* horse3.png in Resources */,
				A1E58C1F26627A4D00223E3E /* horse6.png in Resources */,
				A134B1B5266F04CC00D1B796 /* 2Stars.png in Resources */,
				A1F269E3264A6ED600A41B21 /* Assets.xcassets in Resources */,
				A1E58C1926627A4D00223E3E /* horse1.png in Resources */,
				A1ED6CCC265645870044CBBB /* pony2.jpg in Resources */,
				A1ED6CEC265647070044CBBB /* miniature1.jpg in Resources */,
				A1ED6CE2265646AD0044CBBB /* shire1.jpg in Resources */,
				A1E58C1D26627A4D00223E3E /* horse12.png in Resources */,
				A1ED6CDF265646AD0044CBBB /* shire3.jpg in Resources */,
				A1E58C1826627A4D00223E3E /* horse8.png in Resources */,
				A1E58C1626627A4D00223E3E /* horse5.png in Resources */,
				A1D86E31265971170056E1B5 /* 포니.png in Resources */,
				A1FD990F266F0DD000DE8D4F /* ding.wav in Resources */,
				A1F269E1264A6ED500A41B21 /* Main.storyboard in Resources */,
				A1ED6CC9265645870044CBBB /* pony3.jpg in Resources */,
				A134B1B1266F04CC00D1B796 /* 3Stars.png in Resources */,
				A1ED6CD5265646030044CBBB /* thoroughbred3.jpg in Resources */,
				A1D86E2D265971030056E1B5 /* 미니어처.png in Resources */,
				A1ED6CD7265646030044CBBB /* thoroughbred1.jpg in Resources */,
				A1ED6CE0265646AD0044CBBB /* shire5.jpg in Resources */,
				A1E58C1726627A4D00223E3E /* horse2.png in Resources */,
				A1ED6CE1265646AD0044CBBB /* shire2.jpg in Resources */,
			);
			runOnlyForDeploymentPostprocessing = 0;
		};
/* End PBXResourcesBuildPhase section */

/* Begin PBXSourcesBuildPhase section */
		A1F269D2264A6ED500A41B21 /* Sources */ = {
			isa = PBXSourcesBuildPhase;
			buildActionMask = 2147483647;
			files = (
				A199FE942667E146001E8383 /* DoubleExtension.swift in Sources */,
				A134B1A8266F046500D1B796 /* StarTableViewController.swift in Sources */,
				A199FE8E2667E13A001E8383 /* TemperatureChart.swift in Sources */,
				A1CC620A26600CA200AB3D1D /* Animator.swift in Sources */,
				A199FEA52667E192001E8383 /* SnowfallTab.swift in Sources */,
				A1F269DE264A6ED500A41B21 /* ViewController.swift in Sources */,
				A1CC6215266011BB00AB3D1D /* shireController.swift in Sources */,
				A1CE3E46265BD97D003DE136 /* HorseInfoDetailTableViewController.swift in Sources */,
				A1ED6CF0265649D30044CBBB /* TextViewConerRound.swift in Sources */,
				A1F048112667CCBA0020DFE1 /* HorseScoreGraphViewController.swift in Sources */,
				A199FEA02667E186001E8383 /* StationInfo.swift in Sources */,
				A134B1A9266F046500D1B796 /* Horse.swift in Sources */,
				A134B1A7266F046500D1B796 /* HorseTableViewCell.swift in Sources */,
				A199FE9D2667E151001E8383 /* WeatherInformation.swift in Sources */,
				A199FEA12667E186001E8383 /* StationHeader.swift in Sources */,
				A1CC6217266011D100AB3D1D /* miniatureController.swift in Sources */,
				A1CC621026600D3900AB3D1D /* UITableView+Ext.swift in Sources */,
				A199FE8F2667E13A001E8383 /* PrecipitationChart.swift in Sources */,
				A199FE952667E146001E8383 /* MapView.swift in Sources */,
				A199FE9B2667E151001E8383 /* WeatherStation.swift in Sources */,
				A1CC620E26600D0700AB3D1D /* HorsetableViewController.swift in Sources */,
				A134B1AA266F046500D1B796 /* HorseRatingDetailsTableViewController.swift in Sources */,
				A134B1A6266F046500D1B796 /* HorseLikeTableViewController.swift in Sources */,
				A199FE8D2667E13A001E8383 /* SnowfallChart.swift in Sources */,
				A199FEA62667E192001E8383 /* TemperatureTab.swift in Sources */,
				A1F269DA264A6ED500A41B21 /* AppDelegate.swift in Sources */,
				A1F269DC264A6ED500A41B21 /* SceneDelegate.swift in Sources */,
				A199FE932667E146001E8383 /* ContentView.swift in Sources */,
				A134B1AB266F046500D1B796 /* SampleData.swift in Sources */,
				A199FE9C2667E151001E8383 /* DayInfo.swift in Sources */,
				A1CC62122660119300AB3D1D /* thoroughbredController.swift in Sources */,
				A199FEAC2667F850001E8383 /* HorseScoreTableViewController.swift in Sources */,
				A199FEA72667E192001E8383 /* PrecipitationTab.swift in Sources */,
				A16555C6266F006A0086ACB4 /* StardustView.swift in Sources */,
				A1CC620B26600CA200AB3D1D /* Animations.swift in Sources */,
				A1CE3E47265BD97D003DE136 /* HorseInfoTableViewController.swift in Sources */,
				A1FD991A266F0DE500DE8D4F /* AudioController.swift in Sources */,
				A1CC6219266011E100AB3D1D /* ponyController.swift in Sources */,
			);
			runOnlyForDeploymentPostprocessing = 0;
		};
/* End PBXSourcesBuildPhase section */

/* Begin PBXVariantGroup section */
		A1F269DF264A6ED500A41B21 /* Main.storyboard */ = {
			isa = PBXVariantGroup;
			children = (
				A1F269E0264A6ED500A41B21 /* Base */,
			);
			name = Main.storyboard;
			sourceTree = "<group>";
		};
		A1F269E4264A6ED600A41B21 /* LaunchScreen.storyboard */ = {
			isa = PBXVariantGroup;
			children = (
				A1F269E5264A6ED600A41B21 /* Base */,
			);
			name = LaunchScreen.storyboard;
			sourceTree = "<group>";
		};
/* End PBXVariantGroup section */

/* Begin XCBuildConfiguration section */
		A1F269E8264A6ED600A41B21 /* Debug */ = {
			isa = XCBuildConfiguration;
			buildSettings = {
				ALWAYS_SEARCH_USER_PATHS = NO;
				CLANG_ANALYZER_NONNULL = YES;
				CLANG_ANALYZER_NUMBER_OBJECT_CONVERSION = YES_AGGRESSIVE;
				CLANG_CXX_LANGUAGE_STANDARD = "gnu++14";
				CLANG_CXX_LIBRARY = "libc++";
				CLANG_ENABLE_MODULES = YES;
				CLANG_ENABLE_OBJC_ARC = YES;
				CLANG_ENABLE_OBJC_WEAK = YES;
				CLANG_WARN_BLOCK_CAPTURE_AUTORELEASING = YES;
				CLANG_WARN_BOOL_CONVERSION = YES;
				CLANG_WARN_COMMA = YES;
				CLANG_WARN_CONSTANT_CONVERSION = YES;
				CLANG_WARN_DEPRECATED_OBJC_IMPLEMENTATIONS = YES;
				CLANG_WARN_DIRECT_OBJC_ISA_USAGE = YES_ERROR;
				CLANG_WARN_DOCUMENTATION_COMMENTS = YES;
				CLANG_WARN_EMPTY_BODY = YES;
				CLANG_WARN_ENUM_CONVERSION = YES;
				CLANG_WARN_INFINITE_RECURSION = YES;
				CLANG_WARN_INT_CONVERSION = YES;
				CLANG_WARN_NON_LITERAL_NULL_CONVERSION = YES;
				CLANG_WARN_OBJC_IMPLICIT_RETAIN_SELF = YES;
				CLANG_WARN_OBJC_LITERAL_CONVERSION = YES;
				CLANG_WARN_OBJC_ROOT_CLASS = YES_ERROR;
				CLANG_WARN_QUOTED_INCLUDE_IN_FRAMEWORK_HEADER = YES;
				CLANG_WARN_RANGE_LOOP_ANALYSIS = YES;
				CLANG_WARN_STRICT_PROTOTYPES = YES;
				CLANG_WARN_SUSPICIOUS_MOVE = YES;
				CLANG_WARN_UNGUARDED_AVAILABILITY = YES_AGGRESSIVE;
				CLANG_WARN_UNREACHABLE_CODE = YES;
				CLANG_WARN__DUPLICATE_METHOD_MATCH = YES;
				COPY_PHASE_STRIP = NO;
				DEBUG_INFORMATION_FORMAT = dwarf;
				ENABLE_STRICT_OBJC_MSGSEND = YES;
				ENABLE_TESTABILITY = YES;
				GCC_C_LANGUAGE_STANDARD = gnu11;
				GCC_DYNAMIC_NO_PIC = NO;
				GCC_NO_COMMON_BLOCKS = YES;
				GCC_OPTIMIZATION_LEVEL = 0;
				GCC_PREPROCESSOR_DEFINITIONS = (
					"DEBUG=1",
					"$(inherited)",
				);
				GCC_WARN_64_TO_32_BIT_CONVERSION = YES;
				GCC_WARN_ABOUT_RETURN_TYPE = YES_ERROR;
				GCC_WARN_UNDECLARED_SELECTOR = YES;
				GCC_WARN_UNINITIALIZED_AUTOS = YES_AGGRESSIVE;
				GCC_WARN_UNUSED_FUNCTION = YES;
				GCC_WARN_UNUSED_VARIABLE = YES;
				IPHONEOS_DEPLOYMENT_TARGET = 14.4;
				MTL_ENABLE_DEBUG_INFO = INCLUDE_SOURCE;
				MTL_FAST_MATH = YES;
				ONLY_ACTIVE_ARCH = YES;
				SDKROOT = iphoneos;
				SWIFT_ACTIVE_COMPILATION_CONDITIONS = DEBUG;
				SWIFT_OPTIMIZATION_LEVEL = "-Onone";
			};
			name = Debug;
		};
		A1F269E9264A6ED600A41B21 /* Release */ = {
			isa = XCBuildConfiguration;
			buildSettings = {
				ALWAYS_SEARCH_USER_PATHS = NO;
				CLANG_ANALYZER_NONNULL = YES;
				CLANG_ANALYZER_NUMBER_OBJECT_CONVERSION = YES_AGGRESSIVE;
				CLANG_CXX_LANGUAGE_STANDARD = "gnu++14";
				CLANG_CXX_LIBRARY = "libc++";
				CLANG_ENABLE_MODULES = YES;
				CLANG_ENABLE_OBJC_ARC = YES;
				CLANG_ENABLE_OBJC_WEAK = YES;
				CLANG_WARN_BLOCK_CAPTURE_AUTORELEASING = YES;
				CLANG_WARN_BOOL_CONVERSION = YES;
				CLANG_WARN_COMMA = YES;
				CLANG_WARN_CONSTANT_CONVERSION = YES;
				CLANG_WARN_DEPRECATED_OBJC_IMPLEMENTATIONS = YES;
				CLANG_WARN_DIRECT_OBJC_ISA_USAGE = YES_ERROR;
				CLANG_WARN_DOCUMENTATION_COMMENTS = YES;
				CLANG_WARN_EMPTY_BODY = YES;
				CLANG_WARN_ENUM_CONVERSION = YES;
				CLANG_WARN_INFINITE_RECURSION = YES;
				CLANG_WARN_INT_CONVERSION = YES;
				CLANG_WARN_NON_LITERAL_NULL_CONVERSION = YES;
				CLANG_WARN_OBJC_IMPLICIT_RETAIN_SELF = YES;
				CLANG_WARN_OBJC_LITERAL_CONVERSION = YES;
				CLANG_WARN_OBJC_ROOT_CLASS = YES_ERROR;
				CLANG_WARN_QUOTED_INCLUDE_IN_FRAMEWORK_HEADER = YES;
				CLANG_WARN_RANGE_LOOP_ANALYSIS = YES;
				CLANG_WARN_STRICT_PROTOTYPES = YES;
				CLANG_WARN_SUSPICIOUS_MOVE = YES;
				CLANG_WARN_UNGUARDED_AVAILABILITY = YES_AGGRESSIVE;
				CLANG_WARN_UNREACHABLE_CODE = YES;
				CLANG_WARN__DUPLICATE_METHOD_MATCH = YES;
				COPY_PHASE_STRIP = NO;
				DEBUG_INFORMATION_FORMAT = "dwarf-with-dsym";
				ENABLE_NS_ASSERTIONS = NO;
				ENABLE_STRICT_OBJC_MSGSEND = YES;
				GCC_C_LANGUAGE_STANDARD = gnu11;
				GCC_NO_COMMON_BLOCKS = YES;
				GCC_WARN_64_TO_32_BIT_CONVERSION = YES;
				GCC_WARN_ABOUT_RETURN_TYPE = YES_ERROR;
				GCC_WARN_UNDECLARED_SELECTOR = YES;
				GCC_WARN_UNINITIALIZED_AUTOS = YES_AGGRESSIVE;
				GCC_WARN_UNUSED_FUNCTION = YES;
				GCC_WARN_UNUSED_VARIABLE = YES;
				IPHONEOS_DEPLOYMENT_TARGET = 14.4;
				MTL_ENABLE_DEBUG_INFO = NO;
				MTL_FAST_MATH = YES;
				SDKROOT = iphoneos;
				SWIFT_COMPILATION_MODE = wholemodule;
				SWIFT_OPTIMIZATION_LEVEL = "-O";
				VALIDATE_PRODUCT = YES;
			};
			name = Release;
		};
		A1F269EB264A6ED600A41B21 /* Debug */ = {
			isa = XCBuildConfiguration;
			buildSettings = {
				ASSETCATALOG_COMPILER_APPICON_NAME = AppIcon;
				ASSETCATALOG_COMPILER_GLOBAL_ACCENT_COLOR_NAME = AccentColor;
				CODE_SIGN_STYLE = Automatic;
				DEVELOPMENT_TEAM = X7HQ55F255;
				INFOPLIST_FILE = SmartPhoneGameprogrammingTermProject/Info.plist;
				LD_RUNPATH_SEARCH_PATHS = (
					"$(inherited)",
					"@executable_path/Frameworks",
				);
				PRODUCT_BUNDLE_IDENTIFIER = "wonJeong-class2018.SmartPhoneGameprogrammingTermProject";
				PRODUCT_NAME = "$(TARGET_NAME)";
				SWIFT_VERSION = 5.0;
				TARGETED_DEVICE_FAMILY = "1,2";
			};
			name = Debug;
		};
		A1F269EC264A6ED600A41B21 /* Release */ = {
			isa = XCBuildConfiguration;
			buildSettings = {
				ASSETCATALOG_COMPILER_APPICON_NAME = AppIcon;
				ASSETCATALOG_COMPILER_GLOBAL_ACCENT_COLOR_NAME = AccentColor;
				CODE_SIGN_STYLE = Automatic;
				DEVELOPMENT_TEAM = X7HQ55F255;
				INFOPLIST_FILE = SmartPhoneGameprogrammingTermProject/Info.plist;
				LD_RUNPATH_SEARCH_PATHS = (
					"$(inherited)",
					"@executable_path/Frameworks",
				);
				PRODUCT_BUNDLE_IDENTIFIER = "wonJeong-class2018.SmartPhoneGameprogrammingTermProject";
				PRODUCT_NAME = "$(TARGET_NAME)";
				SWIFT_VERSION = 5.0;
				TARGETED_DEVICE_FAMILY = "1,2";
			};
			name = Release;
		};
/* End XCBuildConfiguration section */

/* Begin XCConfigurationList section */
		A1F269D1264A6ED500A41B21 /* Build configuration list for PBXProject "SmartPhoneGameprogrammingTermProject" */ = {
			isa = XCConfigurationList;
			buildConfigurations = (
				A1F269E8264A6ED600A41B21 /* Debug */,
				A1F269E9264A6ED600A41B21 /* Release */,
			);
			defaultConfigurationIsVisible = 0;
			defaultConfigurationName = Release;
		};
		A1F269EA264A6ED600A41B21 /* Build configuration list for PBXNativeTarget "SmartPhoneGameprogrammingTermProject" */ = {
			isa = XCConfigurationList;
			buildConfigurations = (
				A1F269EB264A6ED600A41B21 /* Debug */,
				A1F269EC264A6ED600A41B21 /* Release */,
			);
			defaultConfigurationIsVisible = 0;
			defaultConfigurationName = Release;
		};
/* End XCConfigurationList section */
	};
	rootObject = A1F269CE264A6ED500A41B21 /* Project object */;
}
